
Microsoft Visual Studio Solution File, Format Version 12.00
# Visual Studio Version 16
VisualStudioVersion = 16.0.29814.53
MinimumVisualStudioVersion = 10.0.40219.1
Project("{2150E333-8FDC-42A3-9474-1A3956D46DE8}") = "CrossMessenger.Client", "CrossMessenger.Client", "{F3026EA1-08C6-480F-A9CD-2B0C20FF3E6D}"
EndProject
Project("{FAE04EC0-301F-11D3-BF4B-00C04F79EFBC}") = "CrossMessenger.Client.UWP", "Integrazie.Client\Integrazie.Client.UWP\CrossMessenger.Client.UWP.csproj", "{99C61044-84BD-4F9D-AFD1-530242C9A767}"
EndProject
Project("{FAE04EC0-301F-11D3-BF4B-00C04F79EFBC}") = "CrossMessenger.Client.Android", "Integrazie.Client\Integrazie.Client.Android\CrossMessenger.Client.Android.csproj", "{7650448E-EDB5-47D5-8107-EF3699716F4A}"
EndProject
Project("{FAE04EC0-301F-11D3-BF4B-00C04F79EFBC}") = "CrossMessenger.Client.iOS", "Integrazie.Client\Integrazie.Client.iOS\CrossMessenger.Client.iOS.csproj", "{76CD9786-C06F-4E1B-B7EB-CACA2B4535FE}"
EndProject
Project("{9A19103F-16F7-4668-BE54-9A1E7A4F7556}") = "CrossMessenger.Client", "Integrazie.Client\Integrazie.Client\CrossMessenger.Client.csproj", "{E893FA82-16F7-4B74-9412-0EA8883A7153}"
EndProject
Project("{2150E333-8FDC-42A3-9474-1A3956D46DE8}") = "Infrastructure", "Infrastructure", "{019A3000-2F44-4B07-8D03-E75A8AA68BFB}"
EndProject
Project("{9A19103F-16F7-4668-BE54-9A1E7A4F7556}") = "CrossMessenger.Client.Infrastructure", "SeP.Client.Cross.Integrazie\SeP.Client.Cross.Infrastructure\CrossMessenger.Client.Infrastructure.csproj", "{6B81B17D-419D-4482-95FA-4B0F0F7F0633}"
EndProject
Project("{2150E333-8FDC-42A3-9474-1A3956D46DE8}") = "Modules", "Modules", "{F0970101-9EED-44F1-807C-02C81A5E747F}"
EndProject
Project("{9A19103F-16F7-4668-BE54-9A1E7A4F7556}") = "CrossMessenger.Client.Modules.Telegram", "SeP.Client.Cross.Modules.Telegram\CrossMessenger.Client.Modules.Telegram.csproj", "{83B87B6C-8FC1-411B-B509-B7E97A381ADB}"
EndProject
Global
	GlobalSection(SolutionConfigurationPlatforms) = preSolution
		Ad-Hoc|Any CPU = Ad-Hoc|Any CPU
		Ad-Hoc|ARM = Ad-Hoc|ARM
		Ad-Hoc|iPhone = Ad-Hoc|iPhone
		Ad-Hoc|iPhoneSimulator = Ad-Hoc|iPhoneSimulator
		Ad-Hoc|x64 = Ad-Hoc|x64
		Ad-Hoc|x86 = Ad-Hoc|x86
		AppStore|Any CPU = AppStore|Any CPU
		AppStore|ARM = AppStore|ARM
		AppStore|iPhone = AppStore|iPhone
		AppStore|iPhoneSimulator = AppStore|iPhoneSimulator
		AppStore|x64 = AppStore|x64
		AppStore|x86 = AppStore|x86
		Debug|Any CPU = Debug|Any CPU
		Debug|ARM = Debug|ARM
		Debug|iPhone = Debug|iPhone
		Debug|iPhoneSimulator = Debug|iPhoneSimulator
		Debug|x64 = Debug|x64
		Debug|x86 = Debug|x86
		Release|Any CPU = Release|Any CPU
		Release|ARM = Release|ARM
		Release|iPhone = Release|iPhone
		Release|iPhoneSimulator = Release|iPhoneSimulator
		Release|x64 = Release|x64
		Release|x86 = Release|x86
	EndGlobalSection
	GlobalSection(ProjectConfigurationPlatforms) = postSolution
		{99C61044-84BD-4F9D-AFD1-530242C9A767}.Ad-Hoc|Any CPU.ActiveCfg = Release|x64
		{99C61044-84BD-4F9D-AFD1-530242C9A767}.Ad-Hoc|Any CPU.Build.0 = Release|x64
		{99C61044-84BD-4F9D-AFD1-530242C9A767}.Ad-Hoc|Any CPU.Deploy.0 = Release|x64
		{99C61044-84BD-4F9D-AFD1-530242C9A767}.Ad-Hoc|ARM.ActiveCfg = Release|ARM
		{99C61044-84BD-4F9D-AFD1-530242C9A767}.Ad-Hoc|ARM.Build.0 = Release|ARM
		{99C61044-84BD-4F9D-AFD1-530242C9A767}.Ad-Hoc|ARM.Deploy.0 = Release|ARM
		{99C61044-84BD-4F9D-AFD1-530242C9A767}.Ad-Hoc|iPhone.ActiveCfg = Release|x64
		{99C61044-84BD-4F9D-AFD1-530242C9A767}.Ad-Hoc|iPhone.Build.0 = Release|x64
		{99C61044-84BD-4F9D-AFD1-530242C9A767}.Ad-Hoc|iPhone.Deploy.0 = Release|x64
		{99C61044-84BD-4F9D-AFD1-530242C9A767}.Ad-Hoc|iPhoneSimulator.ActiveCfg = Release|x64
		{99C61044-84BD-4F9D-AFD1-530242C9A767}.Ad-Hoc|iPhoneSimulator.Build.0 = Release|x64
		{99C61044-84BD-4F9D-AFD1-530242C9A767}.Ad-Hoc|iPhoneSimulator.Deploy.0 = Release|x64
		{99C61044-84BD-4F9D-AFD1-530242C9A767}.Ad-Hoc|x64.ActiveCfg = Release|x64
		{99C61044-84BD-4F9D-AFD1-530242C9A767}.Ad-Hoc|x64.Build.0 = Release|x64
		{99C61044-84BD-4F9D-AFD1-530242C9A767}.Ad-Hoc|x64.Deploy.0 = Release|x64
		{99C61044-84BD-4F9D-AFD1-530242C9A767}.Ad-Hoc|x86.ActiveCfg = Release|x86
		{99C61044-84BD-4F9D-AFD1-530242C9A767}.Ad-Hoc|x86.Build.0 = Release|x86
		{99C61044-84BD-4F9D-AFD1-530242C9A767}.Ad-Hoc|x86.Deploy.0 = Release|x86
		{99C61044-84BD-4F9D-AFD1-530242C9A767}.AppStore|Any CPU.ActiveCfg = Release|x64
		{99C61044-84BD-4F9D-AFD1-530242C9A767}.AppStore|Any CPU.Build.0 = Release|x64
		{99C61044-84BD-4F9D-AFD1-530242C9A767}.AppStore|Any CPU.Deploy.0 = Release|x64
		{99C61044-84BD-4F9D-AFD1-530242C9A767}.AppStore|ARM.ActiveCfg = Release|ARM
		{99C61044-84BD-4F9D-AFD1-530242C9A767}.AppStore|ARM.Build.0 = Release|ARM
		{99C61044-84BD-4F9D-AFD1-530242C9A767}.AppStore|ARM.Deploy.0 = Release|ARM
		{99C61044-84BD-4F9D-AFD1-530242C9A767}.AppStore|iPhone.ActiveCfg = Release|x64
		{99C61044-84BD-4F9D-AFD1-530242C9A767}.AppStore|iPhone.Build.0 = Release|x64
		{99C61044-84BD-4F9D-AFD1-530242C9A767}.AppStore|iPhone.Deploy.0 = Release|x64
		{99C61044-84BD-4F9D-AFD1-530242C9A767}.AppStore|iPhoneSimulator.ActiveCfg = Release|x64
		{99C61044-84BD-4F9D-AFD1-530242C9A767}.AppStore|iPhoneSimulator.Build.0 = Release|x64
		{99C61044-84BD-4F9D-AFD1-530242C9A767}.AppStore|iPhoneSimulator.Deploy.0 = Release|x64
		{99C61044-84BD-4F9D-AFD1-530242C9A767}.AppStore|x64.ActiveCfg = Release|x64
		{99C61044-84BD-4F9D-AFD1-530242C9A767}.AppStore|x64.Build.0 = Release|x64
		{99C61044-84BD-4F9D-AFD1-530242C9A767}.AppStore|x64.Deploy.0 = Release|x64
		{99C61044-84BD-4F9D-AFD1-530242C9A767}.AppStore|x86.ActiveCfg = Release|x86
		{99C61044-84BD-4F9D-AFD1-530242C9A767}.AppStore|x86.Build.0 = Release|x86
		{99C61044-84BD-4F9D-AFD1-530242C9A767}.AppStore|x86.Deploy.0 = Release|x86
		{99C61044-84BD-4F9D-AFD1-530242C9A767}.Debug|Any CPU.ActiveCfg = Debug|x86
		{99C61044-84BD-4F9D-AFD1-530242C9A767}.Debug|ARM.ActiveCfg = Debug|ARM
		{99C61044-84BD-4F9D-AFD1-530242C9A767}.Debug|ARM.Build.0 = Debug|ARM
		{99C61044-84BD-4F9D-AFD1-530242C9A767}.Debug|ARM.Deploy.0 = Debug|ARM
		{99C61044-84BD-4F9D-AFD1-530242C9A767}.Debug|iPhone.ActiveCfg = Debug|x86
		{99C61044-84BD-4F9D-AFD1-530242C9A767}.Debug|iPhoneSimulator.ActiveCfg = Debug|x86
		{99C61044-84BD-4F9D-AFD1-530242C9A767}.Debug|x64.ActiveCfg = Debug|x64
		{99C61044-84BD-4F9D-AFD1-530242C9A767}.Debug|x64.Build.0 = Debug|x64
		{99C61044-84BD-4F9D-AFD1-530242C9A767}.Debug|x64.Deploy.0 = Debug|x64
		{99C61044-84BD-4F9D-AFD1-530242C9A767}.Debug|x86.ActiveCfg = Debug|x86
		{99C61044-84BD-4F9D-AFD1-530242C9A767}.Debug|x86.Build.0 = Debug|x86
		{99C61044-84BD-4F9D-AFD1-530242C9A767}.Debug|x86.Deploy.0 = Debug|x86
		{99C61044-84BD-4F9D-AFD1-530242C9A767}.Release|Any CPU.ActiveCfg = Release|x86
		{99C61044-84BD-4F9D-AFD1-530242C9A767}.Release|ARM.ActiveCfg = Release|ARM
		{99C61044-84BD-4F9D-AFD1-530242C9A767}.Release|ARM.Build.0 = Release|ARM
		{99C61044-84BD-4F9D-AFD1-530242C9A767}.Release|ARM.Deploy.0 = Release|ARM
		{99C61044-84BD-4F9D-AFD1-530242C9A767}.Release|iPhone.ActiveCfg = Release|x86
		{99C61044-84BD-4F9D-AFD1-530242C9A767}.Release|iPhoneSimulator.ActiveCfg = Release|x86
		{99C61044-84BD-4F9D-AFD1-530242C9A767}.Release|x64.ActiveCfg = Release|x64
		{99C61044-84BD-4F9D-AFD1-530242C9A767}.Release|x64.Build.0 = Release|x64
		{99C61044-84BD-4F9D-AFD1-530242C9A767}.Release|x64.Deploy.0 = Release|x64
		{99C61044-84BD-4F9D-AFD1-530242C9A767}.Release|x86.ActiveCfg = Release|x86
		{99C61044-84BD-4F9D-AFD1-530242C9A767}.Release|x86.Build.0 = Release|x86
		{99C61044-84BD-4F9D-AFD1-530242C9A767}.Release|x86.Deploy.0 = Release|x86
		{7650448E-EDB5-47D5-8107-EF3699716F4A}.Ad-Hoc|Any CPU.ActiveCfg = Release|Any CPU
		{7650448E-EDB5-47D5-8107-EF3699716F4A}.Ad-Hoc|Any CPU.Build.0 = Release|Any CPU
		{7650448E-EDB5-47D5-8107-EF3699716F4A}.Ad-Hoc|Any CPU.Deploy.0 = Release|Any CPU
		{7650448E-EDB5-47D5-8107-EF3699716F4A}.Ad-Hoc|ARM.ActiveCfg = Release|Any CPU
		{7650448E-EDB5-47D5-8107-EF3699716F4A}.Ad-Hoc|ARM.Build.0 = Release|Any CPU
		{7650448E-EDB5-47D5-8107-EF3699716F4A}.Ad-Hoc|ARM.Deploy.0 = Release|Any CPU
		{7650448E-EDB5-47D5-8107-EF3699716F4A}.Ad-Hoc|iPhone.ActiveCfg = Release|Any CPU
		{7650448E-EDB5-47D5-8107-EF3699716F4A}.Ad-Hoc|iPhone.Build.0 = Release|Any CPU
		{7650448E-EDB5-47D5-8107-EF3699716F4A}.Ad-Hoc|iPhone.Deploy.0 = Release|Any CPU
		{7650448E-EDB5-47D5-8107-EF3699716F4A}.Ad-Hoc|iPhoneSimulator.ActiveCfg = Release|Any CPU
		{7650448E-EDB5-47D5-8107-EF3699716F4A}.Ad-Hoc|iPhoneSimulator.Build.0 = Release|Any CPU
		{7650448E-EDB5-47D5-8107-EF3699716F4A}.Ad-Hoc|iPhoneSimulator.Deploy.0 = Release|Any CPU
		{7650448E-EDB5-47D5-8107-EF3699716F4A}.Ad-Hoc|x64.ActiveCfg = Release|Any CPU
		{7650448E-EDB5-47D5-8107-EF3699716F4A}.Ad-Hoc|x64.Build.0 = Release|Any CPU
		{7650448E-EDB5-47D5-8107-EF3699716F4A}.Ad-Hoc|x64.Deploy.0 = Release|Any CPU
		{7650448E-EDB5-47D5-8107-EF3699716F4A}.Ad-Hoc|x86.ActiveCfg = Release|Any CPU
		{7650448E-EDB5-47D5-8107-EF3699716F4A}.Ad-Hoc|x86.Build.0 = Release|Any CPU
		{7650448E-EDB5-47D5-8107-EF3699716F4A}.Ad-Hoc|x86.Deploy.0 = Release|Any CPU
		{7650448E-EDB5-47D5-8107-EF3699716F4A}.AppStore|Any CPU.ActiveCfg = Release|Any CPU
		{7650448E-EDB5-47D5-8107-EF3699716F4A}.AppStore|Any CPU.Build.0 = Release|Any CPU
		{7650448E-EDB5-47D5-8107-EF3699716F4A}.AppStore|Any CPU.Deploy.0 = Release|Any CPU
		{7650448E-EDB5-47D5-8107-EF3699716F4A}.AppStore|ARM.ActiveCfg = Release|Any CPU
		{7650448E-EDB5-47D5-8107-EF3699716F4A}.AppStore|ARM.Build.0 = Release|Any CPU
		{7650448E-EDB5-47D5-8107-EF3699716F4A}.AppStore|ARM.Deploy.0 = Release|Any CPU
		{7650448E-EDB5-47D5-8107-EF3699716F4A}.AppStore|iPhone.ActiveCfg = Release|Any CPU
		{7650448E-EDB5-47D5-8107-EF3699716F4A}.AppStore|iPhone.Build.0 = Release|Any CPU
		{7650448E-EDB5-47D5-8107-EF3699716F4A}.AppStore|iPhone.Deploy.0 = Release|Any CPU
		{7650448E-EDB5-47D5-8107-EF3699716F4A}.AppStore|iPhoneSimulator.ActiveCfg = Release|Any CPU
		{7650448E-EDB5-47D5-8107-EF3699716F4A}.AppStore|iPhoneSimulator.Build.0 = Release|Any CPU
		{7650448E-EDB5-47D5-8107-EF3699716F4A}.AppStore|iPhoneSimulator.Deploy.0 = Release|Any CPU
		{7650448E-EDB5-47D5-8107-EF3699716F4A}.AppStore|x64.ActiveCfg = Release|Any CPU
		{7650448E-EDB5-47D5-8107-EF3699716F4A}.AppStore|x64.Build.0 = Release|Any CPU
		{7650448E-EDB5-47D5-8107-EF3699716F4A}.AppStore|x64.Deploy.0 = Release|Any CPU
		{7650448E-EDB5-47D5-8107-EF3699716F4A}.AppStore|x86.ActiveCfg = Release|Any CPU
		{7650448E-EDB5-47D5-8107-EF3699716F4A}.AppStore|x86.Build.0 = Release|Any CPU
		{7650448E-EDB5-47D5-8107-EF3699716F4A}.AppStore|x86.Deploy.0 = Release|Any CPU
		{7650448E-EDB5-47D5-8107-EF3699716F4A}.Debug|Any CPU.ActiveCfg = Debug|Any CPU
		{7650448E-EDB5-47D5-8107-EF3699716F4A}.Debug|Any CPU.Build.0 = Debug|Any CPU
		{7650448E-EDB5-47D5-8107-EF3699716F4A}.Debug|Any CPU.Deploy.0 = Debug|Any CPU
		{7650448E-EDB5-47D5-8107-EF3699716F4A}.Debug|ARM.ActiveCfg = Debug|Any CPU
		{7650448E-EDB5-47D5-8107-EF3699716F4A}.Debug|ARM.Build.0 = Debug|Any CPU
		{7650448E-EDB5-47D5-8107-EF3699716F4A}.Debug|ARM.Deploy.0 = Debug|Any CPU
		{7650448E-EDB5-47D5-8107-EF3699716F4A}.Debug|iPhone.ActiveCfg = Debug|Any CPU
		{7650448E-EDB5-47D5-8107-EF3699716F4A}.Debug|iPhone.Build.0 = Debug|Any CPU
		{7650448E-EDB5-47D5-8107-EF3699716F4A}.Debug|iPhone.Deploy.0 = Debug|Any CPU
		{7650448E-EDB5-47D5-8107-EF3699716F4A}.Debug|iPhoneSimulator.ActiveCfg = Debug|Any CPU
		{7650448E-EDB5-47D5-8107-EF3699716F4A}.Debug|iPhoneSimulator.Build.0 = Debug|Any CPU
		{7650448E-EDB5-47D5-8107-EF3699716F4A}.Debug|iPhoneSimulator.Deploy.0 = Debug|Any CPU
		{7650448E-EDB5-47D5-8107-EF3699716F4A}.Debug|x64.ActiveCfg = Debug|Any CPU
		{7650448E-EDB5-47D5-8107-EF3699716F4A}.Debug|x64.Build.0 = Debug|Any CPU
		{7650448E-EDB5-47D5-8107-EF3699716F4A}.Debug|x64.Deploy.0 = Debug|Any CPU
		{7650448E-EDB5-47D5-8107-EF3699716F4A}.Debug|x86.ActiveCfg = Debug|Any CPU
		{7650448E-EDB5-47D5-8107-EF3699716F4A}.Debug|x86.Build.0 = Debug|Any CPU
		{7650448E-EDB5-47D5-8107-EF3699716F4A}.Debug|x86.Deploy.0 = Debug|Any CPU
		{7650448E-EDB5-47D5-8107-EF3699716F4A}.Release|Any CPU.ActiveCfg = Release|Any CPU
		{7650448E-EDB5-47D5-8107-EF3699716F4A}.Release|Any CPU.Build.0 = Release|Any CPU
		{7650448E-EDB5-47D5-8107-EF3699716F4A}.Release|Any CPU.Deploy.0 = Release|Any CPU
		{7650448E-EDB5-47D5-8107-EF3699716F4A}.Release|ARM.ActiveCfg = Release|Any CPU
		{7650448E-EDB5-47D5-8107-EF3699716F4A}.Release|ARM.Build.0 = Release|Any CPU
		{7650448E-EDB5-47D5-8107-EF3699716F4A}.Release|ARM.Deploy.0 = Release|Any CPU
		{7650448E-EDB5-47D5-8107-EF3699716F4A}.Release|iPhone.ActiveCfg = Release|Any CPU
		{7650448E-EDB5-47D5-8107-EF3699716F4A}.Release|iPhone.Build.0 = Release|Any CPU
		{7650448E-EDB5-47D5-8107-EF3699716F4A}.Release|iPhone.Deploy.0 = Release|Any CPU
		{7650448E-EDB5-47D5-8107-EF3699716F4A}.Release|iPhoneSimulator.ActiveCfg = Release|Any CPU
		{7650448E-EDB5-47D5-8107-EF3699716F4A}.Release|iPhoneSimulator.Build.0 = Release|Any CPU
		{7650448E-EDB5-47D5-8107-EF3699716F4A}.Release|iPhoneSimulator.Deploy.0 = Release|Any CPU
		{7650448E-EDB5-47D5-8107-EF3699716F4A}.Release|x64.ActiveCfg = Release|Any CPU
		{7650448E-EDB5-47D5-8107-EF3699716F4A}.Release|x64.Build.0 = Release|Any CPU
		{7650448E-EDB5-47D5-8107-EF3699716F4A}.Release|x64.Deploy.0 = Release|Any CPU
		{7650448E-EDB5-47D5-8107-EF3699716F4A}.Release|x86.ActiveCfg = Release|Any CPU
		{7650448E-EDB5-47D5-8107-EF3699716F4A}.Release|x86.Build.0 = Release|Any CPU
		{7650448E-EDB5-47D5-8107-EF3699716F4A}.Release|x86.Deploy.0 = Release|Any CPU
		{76CD9786-C06F-4E1B-B7EB-CACA2B4535FE}.Ad-Hoc|Any CPU.ActiveCfg = Release|iPhone
		{76CD9786-C06F-4E1B-B7EB-CACA2B4535FE}.Ad-Hoc|ARM.ActiveCfg = Release|iPhone
		{76CD9786-C06F-4E1B-B7EB-CACA2B4535FE}.Ad-Hoc|iPhone.ActiveCfg = Release|iPhone
		{76CD9786-C06F-4E1B-B7EB-CACA2B4535FE}.Ad-Hoc|iPhoneSimulator.ActiveCfg = Release|iPhoneSimulator
		{76CD9786-C06F-4E1B-B7EB-CACA2B4535FE}.Ad-Hoc|x64.ActiveCfg = Release|iPhone
		{76CD9786-C06F-4E1B-B7EB-CACA2B4535FE}.Ad-Hoc|x86.ActiveCfg = Release|iPhone
		{76CD9786-C06F-4E1B-B7EB-CACA2B4535FE}.AppStore|Any CPU.ActiveCfg = Release|iPhone
		{76CD9786-C06F-4E1B-B7EB-CACA2B4535FE}.AppStore|ARM.ActiveCfg = Release|iPhone
		{76CD9786-C06F-4E1B-B7EB-CACA2B4535FE}.AppStore|iPhone.ActiveCfg = Release|iPhone
		{76CD9786-C06F-4E1B-B7EB-CACA2B4535FE}.AppStore|iPhoneSimulator.ActiveCfg = Release|iPhoneSimulator
		{76CD9786-C06F-4E1B-B7EB-CACA2B4535FE}.AppStore|x64.ActiveCfg = Release|iPhone
		{76CD9786-C06F-4E1B-B7EB-CACA2B4535FE}.AppStore|x86.ActiveCfg = Release|iPhone
		{76CD9786-C06F-4E1B-B7EB-CACA2B4535FE}.Debug|Any CPU.ActiveCfg = Debug|iPhoneSimulator
		{76CD9786-C06F-4E1B-B7EB-CACA2B4535FE}.Debug|ARM.ActiveCfg = Debug|iPhoneSimulator
		{76CD9786-C06F-4E1B-B7EB-CACA2B4535FE}.Debug|iPhone.ActiveCfg = Debug|iPhone
		{76CD9786-C06F-4E1B-B7EB-CACA2B4535FE}.Debug|iPhone.Build.0 = Debug|iPhone
		{76CD9786-C06F-4E1B-B7EB-CACA2B4535FE}.Debug|iPhoneSimulator.ActiveCfg = Debug|iPhoneSimulator
		{76CD9786-C06F-4E1B-B7EB-CACA2B4535FE}.Debug|iPhoneSimulator.Build.0 = Debug|iPhoneSimulator
		{76CD9786-C06F-4E1B-B7EB-CACA2B4535FE}.Debug|x64.ActiveCfg = Debug|iPhoneSimulator
		{76CD9786-C06F-4E1B-B7EB-CACA2B4535FE}.Debug|x86.ActiveCfg = Debug|iPhoneSimulator
		{76CD9786-C06F-4E1B-B7EB-CACA2B4535FE}.Release|Any CPU.ActiveCfg = Release|iPhoneSimulator
		{76CD9786-C06F-4E1B-B7EB-CACA2B4535FE}.Release|ARM.ActiveCfg = Release|iPhoneSimulator
		{76CD9786-C06F-4E1B-B7EB-CACA2B4535FE}.Release|iPhone.ActiveCfg = Release|iPhone
		{76CD9786-C06F-4E1B-B7EB-CACA2B4535FE}.Release|iPhone.Build.0 = Release|iPhone
		{76CD9786-C06F-4E1B-B7EB-CACA2B4535FE}.Release|iPhoneSimulator.ActiveCfg = Release|iPhoneSimulator
		{76CD9786-C06F-4E1B-B7EB-CACA2B4535FE}.Release|iPhoneSimulator.Build.0 = Release|iPhoneSimulator
		{76CD9786-C06F-4E1B-B7EB-CACA2B4535FE}.Release|x64.ActiveCfg = Release|iPhoneSimulator
		{76CD9786-C06F-4E1B-B7EB-CACA2B4535FE}.Release|x86.ActiveCfg = Release|iPhoneSimulator
		{E893FA82-16F7-4B74-9412-0EA8883A7153}.Ad-Hoc|Any CPU.ActiveCfg = Release|Any CPU
		{E893FA82-16F7-4B74-9412-0EA8883A7153}.Ad-Hoc|Any CPU.Build.0 = Release|Any CPU
		{E893FA82-16F7-4B74-9412-0EA8883A7153}.Ad-Hoc|ARM.ActiveCfg = Release|Any CPU
		{E893FA82-16F7-4B74-9412-0EA8883A7153}.Ad-Hoc|ARM.Build.0 = Release|Any CPU
		{E893FA82-16F7-4B74-9412-0EA8883A7153}.Ad-Hoc|iPhone.ActiveCfg = Release|Any CPU
		{E893FA82-16F7-4B74-9412-0EA8883A7153}.Ad-Hoc|iPhone.Build.0 = Release|Any CPU
		{E893FA82-16F7-4B74-9412-0EA8883A7153}.Ad-Hoc|iPhoneSimulator.ActiveCfg = Release|Any CPU
		{E893FA82-16F7-4B74-9412-0EA8883A7153}.Ad-Hoc|iPhoneSimulator.Build.0 = Release|Any CPU
		{E893FA82-16F7-4B74-9412-0EA8883A7153}.Ad-Hoc|x64.ActiveCfg = Release|Any CPU
		{E893FA82-16F7-4B74-9412-0EA8883A7153}.Ad-Hoc|x64.Build.0 = Release|Any CPU
		{E893FA82-16F7-4B74-9412-0EA8883A7153}.Ad-Hoc|x86.ActiveCfg = Release|Any CPU
		{E893FA82-16F7-4B74-9412-0EA8883A7153}.Ad-Hoc|x86.Build.0 = Release|Any CPU
		{E893FA82-16F7-4B74-9412-0EA8883A7153}.AppStore|Any CPU.ActiveCfg = Release|Any CPU
		{E893FA82-16F7-4B74-9412-0EA8883A7153}.AppStore|Any CPU.Build.0 = Release|Any CPU
		{E893FA82-16F7-4B74-9412-0EA8883A7153}.AppStore|ARM.ActiveCfg = Release|Any CPU
		{E893FA82-16F7-4B74-9412-0EA8883A7153}.AppStore|ARM.Build.0 = Release|Any CPU
		{E893FA82-16F7-4B74-9412-0EA8883A7153}.AppStore|iPhone.ActiveCfg = Release|Any CPU
		{E893FA82-16F7-4B74-9412-0EA8883A7153}.AppStore|iPhone.Build.0 = Release|Any CPU
		{E893FA82-16F7-4B74-9412-0EA8883A7153}.AppStore|iPhoneSimulator.ActiveCfg = Release|Any CPU
		{E893FA82-16F7-4B74-9412-0EA8883A7153}.AppStore|iPhoneSimulator.Build.0 = Release|Any CPU
		{E893FA82-16F7-4B74-9412-0EA8883A7153}.AppStore|x64.ActiveCfg = Release|Any CPU
		{E893FA82-16F7-4B74-9412-0EA8883A7153}.AppStore|x64.Build.0 = Release|Any CPU
		{E893FA82-16F7-4B74-9412-0EA8883A7153}.AppStore|x86.ActiveCfg = Release|Any CPU
		{E893FA82-16F7-4B74-9412-0EA8883A7153}.AppStore|x86.Build.0 = Release|Any CPU
		{E893FA82-16F7-4B74-9412-0EA8883A7153}.Debug|Any CPU.ActiveCfg = Debug|Any CPU
		{E893FA82-16F7-4B74-9412-0EA8883A7153}.Debug|Any CPU.Build.0 = Debug|Any CPU
		{E893FA82-16F7-4B74-9412-0EA8883A7153}.Debug|ARM.ActiveCfg = Debug|Any CPU
		{E893FA82-16F7-4B74-9412-0EA8883A7153}.Debug|ARM.Build.0 = Debug|Any CPU
		{E893FA82-16F7-4B74-9412-0EA8883A7153}.Debug|iPhone.ActiveCfg = Debug|Any CPU
		{E893FA82-16F7-4B74-9412-0EA8883A7153}.Debug|iPhone.Build.0 = Debug|Any CPU
		{E893FA82-16F7-4B74-9412-0EA8883A7153}.Debug|iPhoneSimulator.ActiveCfg = Debug|Any CPU
		{E893FA82-16F7-4B74-9412-0EA8883A7153}.Debug|iPhoneSimulator.Build.0 = Debug|Any CPU
		{E893FA82-16F7-4B74-9412-0EA8883A7153}.Debug|x64.ActiveCfg = Debug|Any CPU
		{E893FA82-16F7-4B74-9412-0EA8883A7153}.Debug|x64.Build.0 = Debug|Any CPU
		{E893FA82-16F7-4B74-9412-0EA8883A7153}.Debug|x86.ActiveCfg = Debug|Any CPU
		{E893FA82-16F7-4B74-9412-0EA8883A7153}.Debug|x86.Build.0 = Debug|Any CPU
		{E893FA82-16F7-4B74-9412-0EA8883A7153}.Release|Any CPU.ActiveCfg = Release|Any CPU
		{E893FA82-16F7-4B74-9412-0EA8883A7153}.Release|Any CPU.Build.0 = Release|Any CPU
		{E893FA82-16F7-4B74-9412-0EA8883A7153}.Release|ARM.ActiveCfg = Release|Any CPU
		{E893FA82-16F7-4B74-9412-0EA8883A7153}.Release|ARM.Build.0 = Release|Any CPU
		{E893FA82-16F7-4B74-9412-0EA8883A7153}.Release|iPhone.ActiveCfg = Release|Any CPU
		{E893FA82-16F7-4B74-9412-0EA8883A7153}.Release|iPhone.Build.0 = Release|Any CPU
		{E893FA82-16F7-4B74-9412-0EA8883A7153}.Release|iPhoneSimulator.ActiveCfg = Release|Any CPU
		{E893FA82-16F7-4B74-9412-0EA8883A7153}.Release|iPhoneSimulator.Build.0 = Release|Any CPU
		{E893FA82-16F7-4B74-9412-0EA8883A7153}.Release|x64.ActiveCfg = Release|Any CPU
		{E893FA82-16F7-4B74-9412-0EA8883A7153}.Release|x64.Build.0 = Release|Any CPU
		{E893FA82-16F7-4B74-9412-0EA8883A7153}.Release|x86.ActiveCfg = Release|Any CPU
		{E893FA82-16F7-4B74-9412-0EA8883A7153}.Release|x86.Build.0 = Release|Any CPU
		{6B81B17D-419D-4482-95FA-4B0F0F7F0633}.Ad-Hoc|Any CPU.ActiveCfg = Release|Any CPU
		{6B81B17D-419D-4482-95FA-4B0F0F7F0633}.Ad-Hoc|Any CPU.Build.0 = Release|Any CPU
		{6B81B17D-419D-4482-95FA-4B0F0F7F0633}.Ad-Hoc|ARM.ActiveCfg = Release|Any CPU
		{6B81B17D-419D-4482-95FA-4B0F0F7F0633}.Ad-Hoc|ARM.Build.0 = Release|Any CPU
		{6B81B17D-419D-4482-95FA-4B0F0F7F0633}.Ad-Hoc|iPhone.ActiveCfg = Release|Any CPU
		{6B81B17D-419D-4482-95FA-4B0F0F7F0633}.Ad-Hoc|iPhone.Build.0 = Release|Any CPU
		{6B81B17D-419D-4482-95FA-4B0F0F7F0633}.Ad-Hoc|iPhoneSimulator.ActiveCfg = Release|Any CPU
		{6B81B17D-419D-4482-95FA-4B0F0F7F0633}.Ad-Hoc|iPhoneSimulator.Build.0 = Release|Any CPU
		{6B81B17D-419D-4482-95FA-4B0F0F7F0633}.Ad-Hoc|x64.ActiveCfg = Release|Any CPU
		{6B81B17D-419D-4482-95FA-4B0F0F7F0633}.Ad-Hoc|x64.Build.0 = Release|Any CPU
		{6B81B17D-419D-4482-95FA-4B0F0F7F0633}.Ad-Hoc|x86.ActiveCfg = Release|Any CPU
		{6B81B17D-419D-4482-95FA-4B0F0F7F0633}.Ad-Hoc|x86.Build.0 = Release|Any CPU
		{6B81B17D-419D-4482-95FA-4B0F0F7F0633}.AppStore|Any CPU.ActiveCfg = Release|Any CPU
		{6B81B17D-419D-4482-95FA-4B0F0F7F0633}.AppStore|Any CPU.Build.0 = Release|Any CPU
		{6B81B17D-419D-4482-95FA-4B0F0F7F0633}.AppStore|ARM.ActiveCfg = Release|Any CPU
		{6B81B17D-419D-4482-95FA-4B0F0F7F0633}.AppStore|ARM.Build.0 = Release|Any CPU
		{6B81B17D-419D-4482-95FA-4B0F0F7F0633}.AppStore|iPhone.ActiveCfg = Release|Any CPU
		{6B81B17D-419D-4482-95FA-4B0F0F7F0633}.AppStore|iPhone.Build.0 = Release|Any CPU
		{6B81B17D-419D-4482-95FA-4B0F0F7F0633}.AppStore|iPhoneSimulator.ActiveCfg = Release|Any CPU
		{6B81B17D-419D-4482-95FA-4B0F0F7F0633}.AppStore|iPhoneSimulator.Build.0 = Release|Any CPU
		{6B81B17D-419D-4482-95FA-4B0F0F7F0633}.AppStore|x64.ActiveCfg = Release|Any CPU
		{6B81B17D-419D-4482-95FA-4B0F0F7F0633}.AppStore|x64.Build.0 = Release|Any CPU
		{6B81B17D-419D-4482-95FA-4B0F0F7F0633}.AppStore|x86.ActiveCfg = Release|Any CPU
		{6B81B17D-419D-4482-95FA-4B0F0F7F0633}.AppStore|x86.Build.0 = Release|Any CPU
		{6B81B17D-419D-4482-95FA-4B0F0F7F0633}.Debug|Any CPU.ActiveCfg = Debug|Any CPU
		{6B81B17D-419D-4482-95FA-4B0F0F7F0633}.Debug|Any CPU.Build.0 = Debug|Any CPU
		{6B81B17D-419D-4482-95FA-4B0F0F7F0633}.Debug|ARM.ActiveCfg = Debug|Any CPU
		{6B81B17D-419D-4482-95FA-4B0F0F7F0633}.Debug|ARM.Build.0 = Debug|Any CPU
		{6B81B17D-419D-4482-95FA-4B0F0F7F0633}.Debug|iPhone.ActiveCfg = Debug|Any CPU
		{6B81B17D-419D-4482-95FA-4B0F0F7F0633}.Debug|iPhone.Build.0 = Debug|Any CPU
		{6B81B17D-419D-4482-95FA-4B0F0F7F0633}.Debug|iPhoneSimulator.ActiveCfg = Debug|Any CPU
		{6B81B17D-419D-4482-95FA-4B0F0F7F0633}.Debug|iPhoneSimulator.Build.0 = Debug|Any CPU
		{6B81B17D-419D-4482-95FA-4B0F0F7F0633}.Debug|x64.ActiveCfg = Debug|Any CPU
		{6B81B17D-419D-4482-95FA-4B0F0F7F0633}.Debug|x64.Build.0 = Debug|Any CPU
		{6B81B17D-419D-4482-95FA-4B0F0F7F0633}.Debug|x86.ActiveCfg = Debug|Any CPU
		{6B81B17D-419D-4482-95FA-4B0F0F7F0633}.Debug|x86.Build.0 = Debug|Any CPU
		{6B81B17D-419D-4482-95FA-4B0F0F7F0633}.Release|Any CPU.ActiveCfg = Release|Any CPU
		{6B81B17D-419D-4482-95FA-4B0F0F7F0633}.Release|Any CPU.Build.0 = Release|Any CPU
		{6B81B17D-419D-4482-95FA-4B0F0F7F0633}.Release|ARM.ActiveCfg = Release|Any CPU
		{6B81B17D-419D-4482-95FA-4B0F0F7F0633}.Release|ARM.Build.0 = Release|Any CPU
		{6B81B17D-419D-4482-95FA-4B0F0F7F0633}.Release|iPhone.ActiveCfg = Release|Any CPU
		{6B81B17D-419D-4482-95FA-4B0F0F7F0633}.Release|iPhone.Build.0 = Release|Any CPU
		{6B81B17D-419D-4482-95FA-4B0F0F7F0633}.Release|iPhoneSimulator.ActiveCfg = Release|Any CPU
		{6B81B17D-419D-4482-95FA-4B0F0F7F0633}.Release|iPhoneSimulator.Build.0 = Release|Any CPU
		{6B81B17D-419D-4482-95FA-4B0F0F7F0633}.Release|x64.ActiveCfg = Release|Any CPU
		{6B81B17D-419D-4482-95FA-4B0F0F7F0633}.Release|x64.Build.0 = Release|Any CPU
		{6B81B17D-419D-4482-95FA-4B0F0F7F0633}.Release|x86.ActiveCfg = Release|Any CPU
		{6B81B17D-419D-4482-95FA-4B0F0F7F0633}.Release|x86.Build.0 = Release|Any CPU
		{83B87B6C-8FC1-411B-B509-B7E97A381ADB}.Ad-Hoc|Any CPU.ActiveCfg = Debug|Any CPU
		{83B87B6C-8FC1-411B-B509-B7E97A381ADB}.Ad-Hoc|Any CPU.Build.0 = Debug|Any CPU
		{83B87B6C-8FC1-411B-B509-B7E97A381ADB}.Ad-Hoc|ARM.ActiveCfg = Debug|Any CPU
		{83B87B6C-8FC1-411B-B509-B7E97A381ADB}.Ad-Hoc|ARM.Build.0 = Debug|Any CPU
		{83B87B6C-8FC1-411B-B509-B7E97A381ADB}.Ad-Hoc|iPhone.ActiveCfg = Debug|Any CPU
		{83B87B6C-8FC1-411B-B509-B7E97A381ADB}.Ad-Hoc|iPhone.Build.0 = Debug|Any CPU
		{83B87B6C-8FC1-411B-B509-B7E97A381ADB}.Ad-Hoc|iPhoneSimulator.ActiveCfg = Debug|Any CPU
		{83B87B6C-8FC1-411B-B509-B7E97A381ADB}.Ad-Hoc|iPhoneSimulator.Build.0 = Debug|Any CPU
		{83B87B6C-8FC1-411B-B509-B7E97A381ADB}.Ad-Hoc|x64.ActiveCfg = Debug|Any CPU
		{83B87B6C-8FC1-411B-B509-B7E97A381ADB}.Ad-Hoc|x64.Build.0 = Debug|Any CPU
		{83B87B6C-8FC1-411B-B509-B7E97A381ADB}.Ad-Hoc|x86.ActiveCfg = Debug|Any CPU
		{83B87B6C-8FC1-411B-B509-B7E97A381ADB}.Ad-Hoc|x86.Build.0 = Debug|Any CPU
		{83B87B6C-8FC1-411B-B509-B7E97A381ADB}.AppStore|Any CPU.ActiveCfg = Debug|Any CPU
		{83B87B6C-8FC1-411B-B509-B7E97A381ADB}.AppStore|Any CPU.Build.0 = Debug|Any CPU
		{83B87B6C-8FC1-411B-B509-B7E97A381ADB}.AppStore|ARM.ActiveCfg = Debug|Any CPU
		{83B87B6C-8FC1-411B-B509-B7E97A381ADB}.AppStore|ARM.Build.0 = Debug|Any CPU
		{83B87B6C-8FC1-411B-B509-B7E97A381ADB}.AppStore|iPhone.ActiveCfg = Debug|Any CPU
		{83B87B6C-8FC1-411B-B509-B7E97A381ADB}.AppStore|iPhone.Build.0 = Debug|Any CPU
		{83B87B6C-8FC1-411B-B509-B7E97A381ADB}.AppStore|iPhoneSimulator.ActiveCfg = Debug|Any CPU
		{83B87B6C-8FC1-411B-B509-B7E97A381ADB}.AppStore|iPhoneSimulator.Build.0 = Debug|Any CPU
		{83B87B6C-8FC1-411B-B509-B7E97A381ADB}.AppStore|x64.ActiveCfg = Debug|Any CPU
		{83B87B6C-8FC1-411B-B509-B7E97A381ADB}.AppStore|x64.Build.0 = Debug|Any CPU
		{83B87B6C-8FC1-411B-B509-B7E97A381ADB}.AppStore|x86.ActiveCfg = Debug|Any CPU
		{83B87B6C-8FC1-411B-B509-B7E97A381ADB}.AppStore|x86.Build.0 = Debug|Any CPU
		{83B87B6C-8FC1-411B-B509-B7E97A381ADB}.Debug|Any CPU.ActiveCfg = Debug|Any CPU
		{83B87B6C-8FC1-411B-B509-B7E97A381ADB}.Debug|Any CPU.Build.0 = Debug|Any CPU
		{83B87B6C-8FC1-411B-B509-B7E97A381ADB}.Debug|ARM.ActiveCfg = Debug|Any CPU
		{83B87B6C-8FC1-411B-B509-B7E97A381ADB}.Debug|ARM.Build.0 = Debug|Any CPU
		{83B87B6C-8FC1-411B-B509-B7E97A381ADB}.Debug|iPhone.ActiveCfg = Debug|Any CPU
		{83B87B6C-8FC1-411B-B509-B7E97A381ADB}.Debug|iPhone.Build.0 = Debug|Any CPU
		{83B87B6C-8FC1-411B-B509-B7E97A381ADB}.Debug|iPhoneSimulator.ActiveCfg = Debug|Any CPU
		{83B87B6C-8FC1-411B-B509-B7E97A381ADB}.Debug|iPhoneSimulator.Build.0 = Debug|Any CPU
		{83B87B6C-8FC1-411B-B509-B7E97A381ADB}.Debug|x64.ActiveCfg = Debug|Any CPU
		{83B87B6C-8FC1-411B-B509-B7E97A381ADB}.Debug|x64.Build.0 = Debug|Any CPU
		{83B87B6C-8FC1-411B-B509-B7E97A381ADB}.Debug|x86.ActiveCfg = Debug|Any CPU
		{83B87B6C-8FC1-411B-B509-B7E97A381ADB}.Debug|x86.Build.0 = Debug|Any CPU
		{83B87B6C-8FC1-411B-B509-B7E97A381ADB}.Release|Any CPU.ActiveCfg = Release|Any CPU
		{83B87B6C-8FC1-411B-B509-B7E97A381ADB}.Release|Any CPU.Build.0 = Release|Any CPU
		{83B87B6C-8FC1-411B-B509-B7E97A381ADB}.Release|ARM.ActiveCfg = Release|Any CPU
		{83B87B6C-8FC1-411B-B509-B7E97A381ADB}.Release|ARM.Build.0 = Release|Any CPU
		{83B87B6C-8FC1-411B-B509-B7E97A381ADB}.Release|iPhone.ActiveCfg = Release|Any CPU
		{83B87B6C-8FC1-411B-B509-B7E97A381ADB}.Release|iPhone.Build.0 = Release|Any CPU
		{83B87B6C-8FC1-411B-B509-B7E97A381ADB}.Release|iPhoneSimulator.ActiveCfg = Release|Any CPU
		{83B87B6C-8FC1-411B-B509-B7E97A381ADB}.Release|iPhoneSimulator.Build.0 = Release|Any CPU
		{83B87B6C-8FC1-411B-B509-B7E97A381ADB}.Release|x64.ActiveCfg = Release|Any CPU
		{83B87B6C-8FC1-411B-B509-B7E97A381ADB}.Release|x64.Build.0 = Release|Any CPU
		{83B87B6C-8FC1-411B-B509-B7E97A381ADB}.Release|x86.ActiveCfg = Release|Any CPU
		{83B87B6C-8FC1-411B-B509-B7E97A381ADB}.Release|x86.Build.0 = Release|Any CPU
	EndGlobalSection
	GlobalSection(SolutionProperties) = preSolution
		HideSolutionNode = FALSE
	EndGlobalSection
	GlobalSection(NestedProjects) = preSolution
		{99C61044-84BD-4F9D-AFD1-530242C9A767} = {F3026EA1-08C6-480F-A9CD-2B0C20FF3E6D}
		{7650448E-EDB5-47D5-8107-EF3699716F4A} = {F3026EA1-08C6-480F-A9CD-2B0C20FF3E6D}
		{76CD9786-C06F-4E1B-B7EB-CACA2B4535FE} = {F3026EA1-08C6-480F-A9CD-2B0C20FF3E6D}
		{E893FA82-16F7-4B74-9412-0EA8883A7153} = {F3026EA1-08C6-480F-A9CD-2B0C20FF3E6D}
		{019A3000-2F44-4B07-8D03-E75A8AA68BFB} = {F3026EA1-08C6-480F-A9CD-2B0C20FF3E6D}
		{6B81B17D-419D-4482-95FA-4B0F0F7F0633} = {019A3000-2F44-4B07-8D03-E75A8AA68BFB}
		{F0970101-9EED-44F1-807C-02C81A5E747F} = {F3026EA1-08C6-480F-A9CD-2B0C20FF3E6D}
		{83B87B6C-8FC1-411B-B509-B7E97A381ADB} = {F0970101-9EED-44F1-807C-02C81A5E747F}
	EndGlobalSection
	GlobalSection(ExtensibilityGlobals) = postSolution
		SolutionGuid = {AE565373-FDBE-4EB4-911A-1EA312014ECA}
	EndGlobalSection
EndGlobal
