
Microsoft Visual Studio Solution File, Format Version 12.00
# Visual Studio Version 16
VisualStudioVersion = 16.0.29814.53
MinimumVisualStudioVersion = 10.0.40219.1
Project("{2150E333-8FDC-42A3-9474-1A3956D46DE8}") = "SeP.Client", "SeP.Client", "{7F3D9EA6-FE95-4EFB-B7ED-969494D5C9F0}"
EndProject
Project("{2150E333-8FDC-42A3-9474-1A3956D46DE8}") = "SeP.Core", "SeP.Core", "{3A77A618-7175-41EE-B776-76A144133E20}"
EndProject
Project("{9A19103F-16F7-4668-BE54-9A1E7A4F7556}") = "SeP.Core.Helpers", "SeP.Core\SeP.Core.Helpers\SeP.Core.Helpers.csproj", "{5C517742-7F63-4FF1-954C-E69E3FDA197C}"
EndProject
Project("{9A19103F-16F7-4668-BE54-9A1E7A4F7556}") = "SeP.Client.Correspondences", "SeP.Client\SeP.Client.Correspondences\SeP.Client.Correspondences.csproj", "{F26C1F57-A9A8-4E3D-B0E4-F04CDBC836EA}"
EndProject
Project("{9A19103F-16F7-4668-BE54-9A1E7A4F7556}") = "SeP.Client.Infrastructure", "SeP.Client\SeP.Client.Infrastructure\SeP.Client.Infrastructure.csproj", "{9DF8FA0E-76D3-4E9C-B696-365650828434}"
EndProject
Project("{9A19103F-16F7-4668-BE54-9A1E7A4F7556}") = "SeP.Client.Shell", "SeP.Client\SeP.Client.Shell\SeP.Client.Shell.csproj", "{6F3D4555-51B5-4170-ABF5-983D94AA2A19}"
EndProject
Project("{2150E333-8FDC-42A3-9474-1A3956D46DE8}") = "SeP.Client.Messengers", "SeP.Client.Messengers", "{48F5EA92-79B7-4523-8ABC-701337E3BB68}"
EndProject
Project("{2150E333-8FDC-42A3-9474-1A3956D46DE8}") = "SeP.Client.Services", "SeP.Client.Services", "{D4230F7B-0C6D-40E1-97FE-BE60BBEFDD45}"
EndProject
Project("{9A19103F-16F7-4668-BE54-9A1E7A4F7556}") = "SeP.Client.Services.MessengerCollectionService", "SeP.Client\SeP.Client.Services\SeP.Client.Services.MessengerCollectionService\SeP.Client.Services.MessengerCollectionService.csproj", "{9BAD2C9D-D7F8-4D6D-8EBF-0531D5E06B9D}"
EndProject
Project("{9A19103F-16F7-4668-BE54-9A1E7A4F7556}") = "SeP.Client.Authority", "SeP.Client\SeP.Client.Authority\SeP.Client.Authority.csproj", "{202EE3C7-51AD-4148-8F2D-69C363BED80A}"
EndProject
Project("{9A19103F-16F7-4668-BE54-9A1E7A4F7556}") = "SeP.Client.Messengers.VK", "SeP.Client\SeP.Client.Messengers\SeP.Client.Messengers.VK\SeP.Client.Messengers.VK.csproj", "{28CC2192-FBBD-4E9C-A4D7-60B01BB9320A}"
EndProject
Project("{9A19103F-16F7-4668-BE54-9A1E7A4F7556}") = "Models", "Models\Models.csproj", "{17FD2F00-FA58-4E00-8BCD-E4BB920F0C7E}"
EndProject
Project("{9A19103F-16F7-4668-BE54-9A1E7A4F7556}") = "SeP.Client.Messengers.Tg", "SeP.Client\SeP.Client.Messengers\SeP.Client.Messengers.Tg\SeP.Client.Messengers.Tg.csproj", "{79AA9981-F388-4EEB-9A4E-0ECA4DD058A2}"
EndProject
Project("{2150E333-8FDC-42A3-9474-1A3956D46DE8}") = "Sep.Client.Cross", "Sep.Client.Cross", "{F3026EA1-08C6-480F-A9CD-2B0C20FF3E6D}"
EndProject
Project("{FAE04EC0-301F-11D3-BF4B-00C04F79EFBC}") = "Integrazie.Client.UWP", "Integrazie.Client\Integrazie.Client.UWP\Integrazie.Client.UWP.csproj", "{99C61044-84BD-4F9D-AFD1-530242C9A767}"
EndProject
Project("{FAE04EC0-301F-11D3-BF4B-00C04F79EFBC}") = "Integrazie.Client.Android", "Integrazie.Client\Integrazie.Client.Android\Integrazie.Client.Android.csproj", "{7650448E-EDB5-47D5-8107-EF3699716F4A}"
EndProject
Project("{FAE04EC0-301F-11D3-BF4B-00C04F79EFBC}") = "Integrazie.Client.iOS", "Integrazie.Client\Integrazie.Client.iOS\Integrazie.Client.iOS.csproj", "{76CD9786-C06F-4E1B-B7EB-CACA2B4535FE}"
EndProject
Project("{9A19103F-16F7-4668-BE54-9A1E7A4F7556}") = "Integrazie.Client", "Integrazie.Client\Integrazie.Client\Integrazie.Client.csproj", "{E893FA82-16F7-4B74-9412-0EA8883A7153}"
EndProject
Project("{2150E333-8FDC-42A3-9474-1A3956D46DE8}") = "Infrastructure", "Infrastructure", "{019A3000-2F44-4B07-8D03-E75A8AA68BFB}"
EndProject
Project("{9A19103F-16F7-4668-BE54-9A1E7A4F7556}") = "SeP.Client.Cross.Infrastructure", "SeP.Client.Cross.Integrazie\SeP.Client.Cross.Infrastructure\SeP.Client.Cross.Infrastructure.csproj", "{6B81B17D-419D-4482-95FA-4B0F0F7F0633}"
EndProject
Global
	GlobalSection(SolutionConfigurationPlatforms) = preSolution
		Ad-Hoc|Any CPU = Ad-Hoc|Any CPU
		Ad-Hoc|ARM = Ad-Hoc|ARM
		Ad-Hoc|iPhone = Ad-Hoc|iPhone
		Ad-Hoc|iPhoneSimulator = Ad-Hoc|iPhoneSimulator
		Ad-Hoc|x64 = Ad-Hoc|x64
		Ad-Hoc|x86 = Ad-Hoc|x86
		AppStore|Any CPU = AppStore|Any CPU
		AppStore|ARM = AppStore|ARM
		AppStore|iPhone = AppStore|iPhone
		AppStore|iPhoneSimulator = AppStore|iPhoneSimulator
		AppStore|x64 = AppStore|x64
		AppStore|x86 = AppStore|x86
		Debug|Any CPU = Debug|Any CPU
		Debug|ARM = Debug|ARM
		Debug|iPhone = Debug|iPhone
		Debug|iPhoneSimulator = Debug|iPhoneSimulator
		Debug|x64 = Debug|x64
		Debug|x86 = Debug|x86
		Release|Any CPU = Release|Any CPU
		Release|ARM = Release|ARM
		Release|iPhone = Release|iPhone
		Release|iPhoneSimulator = Release|iPhoneSimulator
		Release|x64 = Release|x64
		Release|x86 = Release|x86
	EndGlobalSection
	GlobalSection(ProjectConfigurationPlatforms) = postSolution
		{5C517742-7F63-4FF1-954C-E69E3FDA197C}.Ad-Hoc|Any CPU.ActiveCfg = Release|Any CPU
		{5C517742-7F63-4FF1-954C-E69E3FDA197C}.Ad-Hoc|Any CPU.Build.0 = Release|Any CPU
		{5C517742-7F63-4FF1-954C-E69E3FDA197C}.Ad-Hoc|ARM.ActiveCfg = Release|Any CPU
		{5C517742-7F63-4FF1-954C-E69E3FDA197C}.Ad-Hoc|ARM.Build.0 = Release|Any CPU
		{5C517742-7F63-4FF1-954C-E69E3FDA197C}.Ad-Hoc|iPhone.ActiveCfg = Release|Any CPU
		{5C517742-7F63-4FF1-954C-E69E3FDA197C}.Ad-Hoc|iPhone.Build.0 = Release|Any CPU
		{5C517742-7F63-4FF1-954C-E69E3FDA197C}.Ad-Hoc|iPhoneSimulator.ActiveCfg = Release|Any CPU
		{5C517742-7F63-4FF1-954C-E69E3FDA197C}.Ad-Hoc|iPhoneSimulator.Build.0 = Release|Any CPU
		{5C517742-7F63-4FF1-954C-E69E3FDA197C}.Ad-Hoc|x64.ActiveCfg = Release|Any CPU
		{5C517742-7F63-4FF1-954C-E69E3FDA197C}.Ad-Hoc|x64.Build.0 = Release|Any CPU
		{5C517742-7F63-4FF1-954C-E69E3FDA197C}.Ad-Hoc|x86.ActiveCfg = Release|Any CPU
		{5C517742-7F63-4FF1-954C-E69E3FDA197C}.Ad-Hoc|x86.Build.0 = Release|Any CPU
		{5C517742-7F63-4FF1-954C-E69E3FDA197C}.AppStore|Any CPU.ActiveCfg = Release|Any CPU
		{5C517742-7F63-4FF1-954C-E69E3FDA197C}.AppStore|Any CPU.Build.0 = Release|Any CPU
		{5C517742-7F63-4FF1-954C-E69E3FDA197C}.AppStore|ARM.ActiveCfg = Release|Any CPU
		{5C517742-7F63-4FF1-954C-E69E3FDA197C}.AppStore|ARM.Build.0 = Release|Any CPU
		{5C517742-7F63-4FF1-954C-E69E3FDA197C}.AppStore|iPhone.ActiveCfg = Release|Any CPU
		{5C517742-7F63-4FF1-954C-E69E3FDA197C}.AppStore|iPhone.Build.0 = Release|Any CPU
		{5C517742-7F63-4FF1-954C-E69E3FDA197C}.AppStore|iPhoneSimulator.ActiveCfg = Release|Any CPU
		{5C517742-7F63-4FF1-954C-E69E3FDA197C}.AppStore|iPhoneSimulator.Build.0 = Release|Any CPU
		{5C517742-7F63-4FF1-954C-E69E3FDA197C}.AppStore|x64.ActiveCfg = Release|Any CPU
		{5C517742-7F63-4FF1-954C-E69E3FDA197C}.AppStore|x64.Build.0 = Release|Any CPU
		{5C517742-7F63-4FF1-954C-E69E3FDA197C}.AppStore|x86.ActiveCfg = Release|Any CPU
		{5C517742-7F63-4FF1-954C-E69E3FDA197C}.AppStore|x86.Build.0 = Release|Any CPU
		{5C517742-7F63-4FF1-954C-E69E3FDA197C}.Debug|Any CPU.ActiveCfg = Debug|Any CPU
		{5C517742-7F63-4FF1-954C-E69E3FDA197C}.Debug|Any CPU.Build.0 = Debug|Any CPU
		{5C517742-7F63-4FF1-954C-E69E3FDA197C}.Debug|ARM.ActiveCfg = Debug|Any CPU
		{5C517742-7F63-4FF1-954C-E69E3FDA197C}.Debug|ARM.Build.0 = Debug|Any CPU
		{5C517742-7F63-4FF1-954C-E69E3FDA197C}.Debug|iPhone.ActiveCfg = Debug|Any CPU
		{5C517742-7F63-4FF1-954C-E69E3FDA197C}.Debug|iPhone.Build.0 = Debug|Any CPU
		{5C517742-7F63-4FF1-954C-E69E3FDA197C}.Debug|iPhoneSimulator.ActiveCfg = Debug|Any CPU
		{5C517742-7F63-4FF1-954C-E69E3FDA197C}.Debug|iPhoneSimulator.Build.0 = Debug|Any CPU
		{5C517742-7F63-4FF1-954C-E69E3FDA197C}.Debug|x64.ActiveCfg = Debug|Any CPU
		{5C517742-7F63-4FF1-954C-E69E3FDA197C}.Debug|x64.Build.0 = Debug|Any CPU
		{5C517742-7F63-4FF1-954C-E69E3FDA197C}.Debug|x86.ActiveCfg = Debug|Any CPU
		{5C517742-7F63-4FF1-954C-E69E3FDA197C}.Debug|x86.Build.0 = Debug|Any CPU
		{5C517742-7F63-4FF1-954C-E69E3FDA197C}.Release|Any CPU.ActiveCfg = Release|Any CPU
		{5C517742-7F63-4FF1-954C-E69E3FDA197C}.Release|Any CPU.Build.0 = Release|Any CPU
		{5C517742-7F63-4FF1-954C-E69E3FDA197C}.Release|ARM.ActiveCfg = Release|Any CPU
		{5C517742-7F63-4FF1-954C-E69E3FDA197C}.Release|ARM.Build.0 = Release|Any CPU
		{5C517742-7F63-4FF1-954C-E69E3FDA197C}.Release|iPhone.ActiveCfg = Release|Any CPU
		{5C517742-7F63-4FF1-954C-E69E3FDA197C}.Release|iPhone.Build.0 = Release|Any CPU
		{5C517742-7F63-4FF1-954C-E69E3FDA197C}.Release|iPhoneSimulator.ActiveCfg = Release|Any CPU
		{5C517742-7F63-4FF1-954C-E69E3FDA197C}.Release|iPhoneSimulator.Build.0 = Release|Any CPU
		{5C517742-7F63-4FF1-954C-E69E3FDA197C}.Release|x64.ActiveCfg = Release|Any CPU
		{5C517742-7F63-4FF1-954C-E69E3FDA197C}.Release|x64.Build.0 = Release|Any CPU
		{5C517742-7F63-4FF1-954C-E69E3FDA197C}.Release|x86.ActiveCfg = Release|Any CPU
		{5C517742-7F63-4FF1-954C-E69E3FDA197C}.Release|x86.Build.0 = Release|Any CPU
		{F26C1F57-A9A8-4E3D-B0E4-F04CDBC836EA}.Ad-Hoc|Any CPU.ActiveCfg = Release|Any CPU
		{F26C1F57-A9A8-4E3D-B0E4-F04CDBC836EA}.Ad-Hoc|Any CPU.Build.0 = Release|Any CPU
		{F26C1F57-A9A8-4E3D-B0E4-F04CDBC836EA}.Ad-Hoc|ARM.ActiveCfg = Release|Any CPU
		{F26C1F57-A9A8-4E3D-B0E4-F04CDBC836EA}.Ad-Hoc|ARM.Build.0 = Release|Any CPU
		{F26C1F57-A9A8-4E3D-B0E4-F04CDBC836EA}.Ad-Hoc|iPhone.ActiveCfg = Release|Any CPU
		{F26C1F57-A9A8-4E3D-B0E4-F04CDBC836EA}.Ad-Hoc|iPhone.Build.0 = Release|Any CPU
		{F26C1F57-A9A8-4E3D-B0E4-F04CDBC836EA}.Ad-Hoc|iPhoneSimulator.ActiveCfg = Release|Any CPU
		{F26C1F57-A9A8-4E3D-B0E4-F04CDBC836EA}.Ad-Hoc|iPhoneSimulator.Build.0 = Release|Any CPU
		{F26C1F57-A9A8-4E3D-B0E4-F04CDBC836EA}.Ad-Hoc|x64.ActiveCfg = Release|Any CPU
		{F26C1F57-A9A8-4E3D-B0E4-F04CDBC836EA}.Ad-Hoc|x64.Build.0 = Release|Any CPU
		{F26C1F57-A9A8-4E3D-B0E4-F04CDBC836EA}.Ad-Hoc|x86.ActiveCfg = Release|Any CPU
		{F26C1F57-A9A8-4E3D-B0E4-F04CDBC836EA}.Ad-Hoc|x86.Build.0 = Release|Any CPU
		{F26C1F57-A9A8-4E3D-B0E4-F04CDBC836EA}.AppStore|Any CPU.ActiveCfg = Release|Any CPU
		{F26C1F57-A9A8-4E3D-B0E4-F04CDBC836EA}.AppStore|Any CPU.Build.0 = Release|Any CPU
		{F26C1F57-A9A8-4E3D-B0E4-F04CDBC836EA}.AppStore|ARM.ActiveCfg = Release|Any CPU
		{F26C1F57-A9A8-4E3D-B0E4-F04CDBC836EA}.AppStore|ARM.Build.0 = Release|Any CPU
		{F26C1F57-A9A8-4E3D-B0E4-F04CDBC836EA}.AppStore|iPhone.ActiveCfg = Release|Any CPU
		{F26C1F57-A9A8-4E3D-B0E4-F04CDBC836EA}.AppStore|iPhone.Build.0 = Release|Any CPU
		{F26C1F57-A9A8-4E3D-B0E4-F04CDBC836EA}.AppStore|iPhoneSimulator.ActiveCfg = Release|Any CPU
		{F26C1F57-A9A8-4E3D-B0E4-F04CDBC836EA}.AppStore|iPhoneSimulator.Build.0 = Release|Any CPU
		{F26C1F57-A9A8-4E3D-B0E4-F04CDBC836EA}.AppStore|x64.ActiveCfg = Release|Any CPU
		{F26C1F57-A9A8-4E3D-B0E4-F04CDBC836EA}.AppStore|x64.Build.0 = Release|Any CPU
		{F26C1F57-A9A8-4E3D-B0E4-F04CDBC836EA}.AppStore|x86.ActiveCfg = Release|Any CPU
		{F26C1F57-A9A8-4E3D-B0E4-F04CDBC836EA}.AppStore|x86.Build.0 = Release|Any CPU
		{F26C1F57-A9A8-4E3D-B0E4-F04CDBC836EA}.Debug|Any CPU.ActiveCfg = Debug|Any CPU
		{F26C1F57-A9A8-4E3D-B0E4-F04CDBC836EA}.Debug|Any CPU.Build.0 = Debug|Any CPU
		{F26C1F57-A9A8-4E3D-B0E4-F04CDBC836EA}.Debug|ARM.ActiveCfg = Debug|Any CPU
		{F26C1F57-A9A8-4E3D-B0E4-F04CDBC836EA}.Debug|ARM.Build.0 = Debug|Any CPU
		{F26C1F57-A9A8-4E3D-B0E4-F04CDBC836EA}.Debug|iPhone.ActiveCfg = Debug|Any CPU
		{F26C1F57-A9A8-4E3D-B0E4-F04CDBC836EA}.Debug|iPhone.Build.0 = Debug|Any CPU
		{F26C1F57-A9A8-4E3D-B0E4-F04CDBC836EA}.Debug|iPhoneSimulator.ActiveCfg = Debug|Any CPU
		{F26C1F57-A9A8-4E3D-B0E4-F04CDBC836EA}.Debug|iPhoneSimulator.Build.0 = Debug|Any CPU
		{F26C1F57-A9A8-4E3D-B0E4-F04CDBC836EA}.Debug|x64.ActiveCfg = Debug|Any CPU
		{F26C1F57-A9A8-4E3D-B0E4-F04CDBC836EA}.Debug|x64.Build.0 = Debug|Any CPU
		{F26C1F57-A9A8-4E3D-B0E4-F04CDBC836EA}.Debug|x86.ActiveCfg = Debug|Any CPU
		{F26C1F57-A9A8-4E3D-B0E4-F04CDBC836EA}.Debug|x86.Build.0 = Debug|Any CPU
		{F26C1F57-A9A8-4E3D-B0E4-F04CDBC836EA}.Release|Any CPU.ActiveCfg = Release|Any CPU
		{F26C1F57-A9A8-4E3D-B0E4-F04CDBC836EA}.Release|Any CPU.Build.0 = Release|Any CPU
		{F26C1F57-A9A8-4E3D-B0E4-F04CDBC836EA}.Release|ARM.ActiveCfg = Release|Any CPU
		{F26C1F57-A9A8-4E3D-B0E4-F04CDBC836EA}.Release|ARM.Build.0 = Release|Any CPU
		{F26C1F57-A9A8-4E3D-B0E4-F04CDBC836EA}.Release|iPhone.ActiveCfg = Release|Any CPU
		{F26C1F57-A9A8-4E3D-B0E4-F04CDBC836EA}.Release|iPhone.Build.0 = Release|Any CPU
		{F26C1F57-A9A8-4E3D-B0E4-F04CDBC836EA}.Release|iPhoneSimulator.ActiveCfg = Release|Any CPU
		{F26C1F57-A9A8-4E3D-B0E4-F04CDBC836EA}.Release|iPhoneSimulator.Build.0 = Release|Any CPU
		{F26C1F57-A9A8-4E3D-B0E4-F04CDBC836EA}.Release|x64.ActiveCfg = Release|Any CPU
		{F26C1F57-A9A8-4E3D-B0E4-F04CDBC836EA}.Release|x64.Build.0 = Release|Any CPU
		{F26C1F57-A9A8-4E3D-B0E4-F04CDBC836EA}.Release|x86.ActiveCfg = Release|Any CPU
		{F26C1F57-A9A8-4E3D-B0E4-F04CDBC836EA}.Release|x86.Build.0 = Release|Any CPU
		{9DF8FA0E-76D3-4E9C-B696-365650828434}.Ad-Hoc|Any CPU.ActiveCfg = Release|Any CPU
		{9DF8FA0E-76D3-4E9C-B696-365650828434}.Ad-Hoc|Any CPU.Build.0 = Release|Any CPU
		{9DF8FA0E-76D3-4E9C-B696-365650828434}.Ad-Hoc|ARM.ActiveCfg = Release|Any CPU
		{9DF8FA0E-76D3-4E9C-B696-365650828434}.Ad-Hoc|ARM.Build.0 = Release|Any CPU
		{9DF8FA0E-76D3-4E9C-B696-365650828434}.Ad-Hoc|iPhone.ActiveCfg = Release|Any CPU
		{9DF8FA0E-76D3-4E9C-B696-365650828434}.Ad-Hoc|iPhone.Build.0 = Release|Any CPU
		{9DF8FA0E-76D3-4E9C-B696-365650828434}.Ad-Hoc|iPhoneSimulator.ActiveCfg = Release|Any CPU
		{9DF8FA0E-76D3-4E9C-B696-365650828434}.Ad-Hoc|iPhoneSimulator.Build.0 = Release|Any CPU
		{9DF8FA0E-76D3-4E9C-B696-365650828434}.Ad-Hoc|x64.ActiveCfg = Release|Any CPU
		{9DF8FA0E-76D3-4E9C-B696-365650828434}.Ad-Hoc|x64.Build.0 = Release|Any CPU
		{9DF8FA0E-76D3-4E9C-B696-365650828434}.Ad-Hoc|x86.ActiveCfg = Release|Any CPU
		{9DF8FA0E-76D3-4E9C-B696-365650828434}.Ad-Hoc|x86.Build.0 = Release|Any CPU
		{9DF8FA0E-76D3-4E9C-B696-365650828434}.AppStore|Any CPU.ActiveCfg = Release|Any CPU
		{9DF8FA0E-76D3-4E9C-B696-365650828434}.AppStore|Any CPU.Build.0 = Release|Any CPU
		{9DF8FA0E-76D3-4E9C-B696-365650828434}.AppStore|ARM.ActiveCfg = Release|Any CPU
		{9DF8FA0E-76D3-4E9C-B696-365650828434}.AppStore|ARM.Build.0 = Release|Any CPU
		{9DF8FA0E-76D3-4E9C-B696-365650828434}.AppStore|iPhone.ActiveCfg = Release|Any CPU
		{9DF8FA0E-76D3-4E9C-B696-365650828434}.AppStore|iPhone.Build.0 = Release|Any CPU
		{9DF8FA0E-76D3-4E9C-B696-365650828434}.AppStore|iPhoneSimulator.ActiveCfg = Release|Any CPU
		{9DF8FA0E-76D3-4E9C-B696-365650828434}.AppStore|iPhoneSimulator.Build.0 = Release|Any CPU
		{9DF8FA0E-76D3-4E9C-B696-365650828434}.AppStore|x64.ActiveCfg = Release|Any CPU
		{9DF8FA0E-76D3-4E9C-B696-365650828434}.AppStore|x64.Build.0 = Release|Any CPU
		{9DF8FA0E-76D3-4E9C-B696-365650828434}.AppStore|x86.ActiveCfg = Release|Any CPU
		{9DF8FA0E-76D3-4E9C-B696-365650828434}.AppStore|x86.Build.0 = Release|Any CPU
		{9DF8FA0E-76D3-4E9C-B696-365650828434}.Debug|Any CPU.ActiveCfg = Debug|Any CPU
		{9DF8FA0E-76D3-4E9C-B696-365650828434}.Debug|Any CPU.Build.0 = Debug|Any CPU
		{9DF8FA0E-76D3-4E9C-B696-365650828434}.Debug|ARM.ActiveCfg = Debug|Any CPU
		{9DF8FA0E-76D3-4E9C-B696-365650828434}.Debug|ARM.Build.0 = Debug|Any CPU
		{9DF8FA0E-76D3-4E9C-B696-365650828434}.Debug|iPhone.ActiveCfg = Debug|Any CPU
		{9DF8FA0E-76D3-4E9C-B696-365650828434}.Debug|iPhone.Build.0 = Debug|Any CPU
		{9DF8FA0E-76D3-4E9C-B696-365650828434}.Debug|iPhoneSimulator.ActiveCfg = Debug|Any CPU
		{9DF8FA0E-76D3-4E9C-B696-365650828434}.Debug|iPhoneSimulator.Build.0 = Debug|Any CPU
		{9DF8FA0E-76D3-4E9C-B696-365650828434}.Debug|x64.ActiveCfg = Debug|Any CPU
		{9DF8FA0E-76D3-4E9C-B696-365650828434}.Debug|x64.Build.0 = Debug|Any CPU
		{9DF8FA0E-76D3-4E9C-B696-365650828434}.Debug|x86.ActiveCfg = Debug|Any CPU
		{9DF8FA0E-76D3-4E9C-B696-365650828434}.Debug|x86.Build.0 = Debug|Any CPU
		{9DF8FA0E-76D3-4E9C-B696-365650828434}.Release|Any CPU.ActiveCfg = Release|Any CPU
		{9DF8FA0E-76D3-4E9C-B696-365650828434}.Release|Any CPU.Build.0 = Release|Any CPU
		{9DF8FA0E-76D3-4E9C-B696-365650828434}.Release|ARM.ActiveCfg = Release|Any CPU
		{9DF8FA0E-76D3-4E9C-B696-365650828434}.Release|ARM.Build.0 = Release|Any CPU
		{9DF8FA0E-76D3-4E9C-B696-365650828434}.Release|iPhone.ActiveCfg = Release|Any CPU
		{9DF8FA0E-76D3-4E9C-B696-365650828434}.Release|iPhone.Build.0 = Release|Any CPU
		{9DF8FA0E-76D3-4E9C-B696-365650828434}.Release|iPhoneSimulator.ActiveCfg = Release|Any CPU
		{9DF8FA0E-76D3-4E9C-B696-365650828434}.Release|iPhoneSimulator.Build.0 = Release|Any CPU
		{9DF8FA0E-76D3-4E9C-B696-365650828434}.Release|x64.ActiveCfg = Release|Any CPU
		{9DF8FA0E-76D3-4E9C-B696-365650828434}.Release|x64.Build.0 = Release|Any CPU
		{9DF8FA0E-76D3-4E9C-B696-365650828434}.Release|x86.ActiveCfg = Release|Any CPU
		{9DF8FA0E-76D3-4E9C-B696-365650828434}.Release|x86.Build.0 = Release|Any CPU
		{6F3D4555-51B5-4170-ABF5-983D94AA2A19}.Ad-Hoc|Any CPU.ActiveCfg = Release|Any CPU
		{6F3D4555-51B5-4170-ABF5-983D94AA2A19}.Ad-Hoc|Any CPU.Build.0 = Release|Any CPU
		{6F3D4555-51B5-4170-ABF5-983D94AA2A19}.Ad-Hoc|ARM.ActiveCfg = Release|Any CPU
		{6F3D4555-51B5-4170-ABF5-983D94AA2A19}.Ad-Hoc|ARM.Build.0 = Release|Any CPU
		{6F3D4555-51B5-4170-ABF5-983D94AA2A19}.Ad-Hoc|iPhone.ActiveCfg = Release|Any CPU
		{6F3D4555-51B5-4170-ABF5-983D94AA2A19}.Ad-Hoc|iPhone.Build.0 = Release|Any CPU
		{6F3D4555-51B5-4170-ABF5-983D94AA2A19}.Ad-Hoc|iPhoneSimulator.ActiveCfg = Release|Any CPU
		{6F3D4555-51B5-4170-ABF5-983D94AA2A19}.Ad-Hoc|iPhoneSimulator.Build.0 = Release|Any CPU
		{6F3D4555-51B5-4170-ABF5-983D94AA2A19}.Ad-Hoc|x64.ActiveCfg = Release|Any CPU
		{6F3D4555-51B5-4170-ABF5-983D94AA2A19}.Ad-Hoc|x64.Build.0 = Release|Any CPU
		{6F3D4555-51B5-4170-ABF5-983D94AA2A19}.Ad-Hoc|x86.ActiveCfg = Release|Any CPU
		{6F3D4555-51B5-4170-ABF5-983D94AA2A19}.Ad-Hoc|x86.Build.0 = Release|Any CPU
		{6F3D4555-51B5-4170-ABF5-983D94AA2A19}.AppStore|Any CPU.ActiveCfg = Release|Any CPU
		{6F3D4555-51B5-4170-ABF5-983D94AA2A19}.AppStore|Any CPU.Build.0 = Release|Any CPU
		{6F3D4555-51B5-4170-ABF5-983D94AA2A19}.AppStore|ARM.ActiveCfg = Release|Any CPU
		{6F3D4555-51B5-4170-ABF5-983D94AA2A19}.AppStore|ARM.Build.0 = Release|Any CPU
		{6F3D4555-51B5-4170-ABF5-983D94AA2A19}.AppStore|iPhone.ActiveCfg = Release|Any CPU
		{6F3D4555-51B5-4170-ABF5-983D94AA2A19}.AppStore|iPhone.Build.0 = Release|Any CPU
		{6F3D4555-51B5-4170-ABF5-983D94AA2A19}.AppStore|iPhoneSimulator.ActiveCfg = Release|Any CPU
		{6F3D4555-51B5-4170-ABF5-983D94AA2A19}.AppStore|iPhoneSimulator.Build.0 = Release|Any CPU
		{6F3D4555-51B5-4170-ABF5-983D94AA2A19}.AppStore|x64.ActiveCfg = Release|Any CPU
		{6F3D4555-51B5-4170-ABF5-983D94AA2A19}.AppStore|x64.Build.0 = Release|Any CPU
		{6F3D4555-51B5-4170-ABF5-983D94AA2A19}.AppStore|x86.ActiveCfg = Release|Any CPU
		{6F3D4555-51B5-4170-ABF5-983D94AA2A19}.AppStore|x86.Build.0 = Release|Any CPU
		{6F3D4555-51B5-4170-ABF5-983D94AA2A19}.Debug|Any CPU.ActiveCfg = Debug|Any CPU
		{6F3D4555-51B5-4170-ABF5-983D94AA2A19}.Debug|Any CPU.Build.0 = Debug|Any CPU
		{6F3D4555-51B5-4170-ABF5-983D94AA2A19}.Debug|ARM.ActiveCfg = Debug|Any CPU
		{6F3D4555-51B5-4170-ABF5-983D94AA2A19}.Debug|ARM.Build.0 = Debug|Any CPU
		{6F3D4555-51B5-4170-ABF5-983D94AA2A19}.Debug|iPhone.ActiveCfg = Debug|Any CPU
		{6F3D4555-51B5-4170-ABF5-983D94AA2A19}.Debug|iPhone.Build.0 = Debug|Any CPU
		{6F3D4555-51B5-4170-ABF5-983D94AA2A19}.Debug|iPhoneSimulator.ActiveCfg = Debug|Any CPU
		{6F3D4555-51B5-4170-ABF5-983D94AA2A19}.Debug|iPhoneSimulator.Build.0 = Debug|Any CPU
		{6F3D4555-51B5-4170-ABF5-983D94AA2A19}.Debug|x64.ActiveCfg = Debug|Any CPU
		{6F3D4555-51B5-4170-ABF5-983D94AA2A19}.Debug|x64.Build.0 = Debug|Any CPU
		{6F3D4555-51B5-4170-ABF5-983D94AA2A19}.Debug|x86.ActiveCfg = Debug|Any CPU
		{6F3D4555-51B5-4170-ABF5-983D94AA2A19}.Debug|x86.Build.0 = Debug|Any CPU
		{6F3D4555-51B5-4170-ABF5-983D94AA2A19}.Release|Any CPU.ActiveCfg = Release|Any CPU
		{6F3D4555-51B5-4170-ABF5-983D94AA2A19}.Release|Any CPU.Build.0 = Release|Any CPU
		{6F3D4555-51B5-4170-ABF5-983D94AA2A19}.Release|ARM.ActiveCfg = Release|Any CPU
		{6F3D4555-51B5-4170-ABF5-983D94AA2A19}.Release|ARM.Build.0 = Release|Any CPU
		{6F3D4555-51B5-4170-ABF5-983D94AA2A19}.Release|iPhone.ActiveCfg = Release|Any CPU
		{6F3D4555-51B5-4170-ABF5-983D94AA2A19}.Release|iPhone.Build.0 = Release|Any CPU
		{6F3D4555-51B5-4170-ABF5-983D94AA2A19}.Release|iPhoneSimulator.ActiveCfg = Release|Any CPU
		{6F3D4555-51B5-4170-ABF5-983D94AA2A19}.Release|iPhoneSimulator.Build.0 = Release|Any CPU
		{6F3D4555-51B5-4170-ABF5-983D94AA2A19}.Release|x64.ActiveCfg = Release|Any CPU
		{6F3D4555-51B5-4170-ABF5-983D94AA2A19}.Release|x64.Build.0 = Release|Any CPU
		{6F3D4555-51B5-4170-ABF5-983D94AA2A19}.Release|x86.ActiveCfg = Release|Any CPU
		{6F3D4555-51B5-4170-ABF5-983D94AA2A19}.Release|x86.Build.0 = Release|Any CPU
		{9BAD2C9D-D7F8-4D6D-8EBF-0531D5E06B9D}.Ad-Hoc|Any CPU.ActiveCfg = Release|Any CPU
		{9BAD2C9D-D7F8-4D6D-8EBF-0531D5E06B9D}.Ad-Hoc|Any CPU.Build.0 = Release|Any CPU
		{9BAD2C9D-D7F8-4D6D-8EBF-0531D5E06B9D}.Ad-Hoc|ARM.ActiveCfg = Release|Any CPU
		{9BAD2C9D-D7F8-4D6D-8EBF-0531D5E06B9D}.Ad-Hoc|ARM.Build.0 = Release|Any CPU
		{9BAD2C9D-D7F8-4D6D-8EBF-0531D5E06B9D}.Ad-Hoc|iPhone.ActiveCfg = Release|Any CPU
		{9BAD2C9D-D7F8-4D6D-8EBF-0531D5E06B9D}.Ad-Hoc|iPhone.Build.0 = Release|Any CPU
		{9BAD2C9D-D7F8-4D6D-8EBF-0531D5E06B9D}.Ad-Hoc|iPhoneSimulator.ActiveCfg = Release|Any CPU
		{9BAD2C9D-D7F8-4D6D-8EBF-0531D5E06B9D}.Ad-Hoc|iPhoneSimulator.Build.0 = Release|Any CPU
		{9BAD2C9D-D7F8-4D6D-8EBF-0531D5E06B9D}.Ad-Hoc|x64.ActiveCfg = Release|Any CPU
		{9BAD2C9D-D7F8-4D6D-8EBF-0531D5E06B9D}.Ad-Hoc|x64.Build.0 = Release|Any CPU
		{9BAD2C9D-D7F8-4D6D-8EBF-0531D5E06B9D}.Ad-Hoc|x86.ActiveCfg = Release|Any CPU
		{9BAD2C9D-D7F8-4D6D-8EBF-0531D5E06B9D}.Ad-Hoc|x86.Build.0 = Release|Any CPU
		{9BAD2C9D-D7F8-4D6D-8EBF-0531D5E06B9D}.AppStore|Any CPU.ActiveCfg = Release|Any CPU
		{9BAD2C9D-D7F8-4D6D-8EBF-0531D5E06B9D}.AppStore|Any CPU.Build.0 = Release|Any CPU
		{9BAD2C9D-D7F8-4D6D-8EBF-0531D5E06B9D}.AppStore|ARM.ActiveCfg = Release|Any CPU
		{9BAD2C9D-D7F8-4D6D-8EBF-0531D5E06B9D}.AppStore|ARM.Build.0 = Release|Any CPU
		{9BAD2C9D-D7F8-4D6D-8EBF-0531D5E06B9D}.AppStore|iPhone.ActiveCfg = Release|Any CPU
		{9BAD2C9D-D7F8-4D6D-8EBF-0531D5E06B9D}.AppStore|iPhone.Build.0 = Release|Any CPU
		{9BAD2C9D-D7F8-4D6D-8EBF-0531D5E06B9D}.AppStore|iPhoneSimulator.ActiveCfg = Release|Any CPU
		{9BAD2C9D-D7F8-4D6D-8EBF-0531D5E06B9D}.AppStore|iPhoneSimulator.Build.0 = Release|Any CPU
		{9BAD2C9D-D7F8-4D6D-8EBF-0531D5E06B9D}.AppStore|x64.ActiveCfg = Release|Any CPU
		{9BAD2C9D-D7F8-4D6D-8EBF-0531D5E06B9D}.AppStore|x64.Build.0 = Release|Any CPU
		{9BAD2C9D-D7F8-4D6D-8EBF-0531D5E06B9D}.AppStore|x86.ActiveCfg = Release|Any CPU
		{9BAD2C9D-D7F8-4D6D-8EBF-0531D5E06B9D}.AppStore|x86.Build.0 = Release|Any CPU
		{9BAD2C9D-D7F8-4D6D-8EBF-0531D5E06B9D}.Debug|Any CPU.ActiveCfg = Debug|Any CPU
		{9BAD2C9D-D7F8-4D6D-8EBF-0531D5E06B9D}.Debug|Any CPU.Build.0 = Debug|Any CPU
		{9BAD2C9D-D7F8-4D6D-8EBF-0531D5E06B9D}.Debug|ARM.ActiveCfg = Debug|Any CPU
		{9BAD2C9D-D7F8-4D6D-8EBF-0531D5E06B9D}.Debug|ARM.Build.0 = Debug|Any CPU
		{9BAD2C9D-D7F8-4D6D-8EBF-0531D5E06B9D}.Debug|iPhone.ActiveCfg = Debug|Any CPU
		{9BAD2C9D-D7F8-4D6D-8EBF-0531D5E06B9D}.Debug|iPhone.Build.0 = Debug|Any CPU
		{9BAD2C9D-D7F8-4D6D-8EBF-0531D5E06B9D}.Debug|iPhoneSimulator.ActiveCfg = Debug|Any CPU
		{9BAD2C9D-D7F8-4D6D-8EBF-0531D5E06B9D}.Debug|iPhoneSimulator.Build.0 = Debug|Any CPU
		{9BAD2C9D-D7F8-4D6D-8EBF-0531D5E06B9D}.Debug|x64.ActiveCfg = Debug|Any CPU
		{9BAD2C9D-D7F8-4D6D-8EBF-0531D5E06B9D}.Debug|x64.Build.0 = Debug|Any CPU
		{9BAD2C9D-D7F8-4D6D-8EBF-0531D5E06B9D}.Debug|x86.ActiveCfg = Debug|Any CPU
		{9BAD2C9D-D7F8-4D6D-8EBF-0531D5E06B9D}.Debug|x86.Build.0 = Debug|Any CPU
		{9BAD2C9D-D7F8-4D6D-8EBF-0531D5E06B9D}.Release|Any CPU.ActiveCfg = Release|Any CPU
		{9BAD2C9D-D7F8-4D6D-8EBF-0531D5E06B9D}.Release|Any CPU.Build.0 = Release|Any CPU
		{9BAD2C9D-D7F8-4D6D-8EBF-0531D5E06B9D}.Release|ARM.ActiveCfg = Release|Any CPU
		{9BAD2C9D-D7F8-4D6D-8EBF-0531D5E06B9D}.Release|ARM.Build.0 = Release|Any CPU
		{9BAD2C9D-D7F8-4D6D-8EBF-0531D5E06B9D}.Release|iPhone.ActiveCfg = Release|Any CPU
		{9BAD2C9D-D7F8-4D6D-8EBF-0531D5E06B9D}.Release|iPhone.Build.0 = Release|Any CPU
		{9BAD2C9D-D7F8-4D6D-8EBF-0531D5E06B9D}.Release|iPhoneSimulator.ActiveCfg = Release|Any CPU
		{9BAD2C9D-D7F8-4D6D-8EBF-0531D5E06B9D}.Release|iPhoneSimulator.Build.0 = Release|Any CPU
		{9BAD2C9D-D7F8-4D6D-8EBF-0531D5E06B9D}.Release|x64.ActiveCfg = Release|Any CPU
		{9BAD2C9D-D7F8-4D6D-8EBF-0531D5E06B9D}.Release|x64.Build.0 = Release|Any CPU
		{9BAD2C9D-D7F8-4D6D-8EBF-0531D5E06B9D}.Release|x86.ActiveCfg = Release|Any CPU
		{9BAD2C9D-D7F8-4D6D-8EBF-0531D5E06B9D}.Release|x86.Build.0 = Release|Any CPU
		{202EE3C7-51AD-4148-8F2D-69C363BED80A}.Ad-Hoc|Any CPU.ActiveCfg = Release|Any CPU
		{202EE3C7-51AD-4148-8F2D-69C363BED80A}.Ad-Hoc|Any CPU.Build.0 = Release|Any CPU
		{202EE3C7-51AD-4148-8F2D-69C363BED80A}.Ad-Hoc|ARM.ActiveCfg = Release|Any CPU
		{202EE3C7-51AD-4148-8F2D-69C363BED80A}.Ad-Hoc|ARM.Build.0 = Release|Any CPU
		{202EE3C7-51AD-4148-8F2D-69C363BED80A}.Ad-Hoc|iPhone.ActiveCfg = Release|Any CPU
		{202EE3C7-51AD-4148-8F2D-69C363BED80A}.Ad-Hoc|iPhone.Build.0 = Release|Any CPU
		{202EE3C7-51AD-4148-8F2D-69C363BED80A}.Ad-Hoc|iPhoneSimulator.ActiveCfg = Release|Any CPU
		{202EE3C7-51AD-4148-8F2D-69C363BED80A}.Ad-Hoc|iPhoneSimulator.Build.0 = Release|Any CPU
		{202EE3C7-51AD-4148-8F2D-69C363BED80A}.Ad-Hoc|x64.ActiveCfg = Release|Any CPU
		{202EE3C7-51AD-4148-8F2D-69C363BED80A}.Ad-Hoc|x64.Build.0 = Release|Any CPU
		{202EE3C7-51AD-4148-8F2D-69C363BED80A}.Ad-Hoc|x86.ActiveCfg = Release|Any CPU
		{202EE3C7-51AD-4148-8F2D-69C363BED80A}.Ad-Hoc|x86.Build.0 = Release|Any CPU
		{202EE3C7-51AD-4148-8F2D-69C363BED80A}.AppStore|Any CPU.ActiveCfg = Release|Any CPU
		{202EE3C7-51AD-4148-8F2D-69C363BED80A}.AppStore|Any CPU.Build.0 = Release|Any CPU
		{202EE3C7-51AD-4148-8F2D-69C363BED80A}.AppStore|ARM.ActiveCfg = Release|Any CPU
		{202EE3C7-51AD-4148-8F2D-69C363BED80A}.AppStore|ARM.Build.0 = Release|Any CPU
		{202EE3C7-51AD-4148-8F2D-69C363BED80A}.AppStore|iPhone.ActiveCfg = Release|Any CPU
		{202EE3C7-51AD-4148-8F2D-69C363BED80A}.AppStore|iPhone.Build.0 = Release|Any CPU
		{202EE3C7-51AD-4148-8F2D-69C363BED80A}.AppStore|iPhoneSimulator.ActiveCfg = Release|Any CPU
		{202EE3C7-51AD-4148-8F2D-69C363BED80A}.AppStore|iPhoneSimulator.Build.0 = Release|Any CPU
		{202EE3C7-51AD-4148-8F2D-69C363BED80A}.AppStore|x64.ActiveCfg = Release|Any CPU
		{202EE3C7-51AD-4148-8F2D-69C363BED80A}.AppStore|x64.Build.0 = Release|Any CPU
		{202EE3C7-51AD-4148-8F2D-69C363BED80A}.AppStore|x86.ActiveCfg = Release|Any CPU
		{202EE3C7-51AD-4148-8F2D-69C363BED80A}.AppStore|x86.Build.0 = Release|Any CPU
		{202EE3C7-51AD-4148-8F2D-69C363BED80A}.Debug|Any CPU.ActiveCfg = Debug|Any CPU
		{202EE3C7-51AD-4148-8F2D-69C363BED80A}.Debug|Any CPU.Build.0 = Debug|Any CPU
		{202EE3C7-51AD-4148-8F2D-69C363BED80A}.Debug|ARM.ActiveCfg = Debug|Any CPU
		{202EE3C7-51AD-4148-8F2D-69C363BED80A}.Debug|ARM.Build.0 = Debug|Any CPU
		{202EE3C7-51AD-4148-8F2D-69C363BED80A}.Debug|iPhone.ActiveCfg = Debug|Any CPU
		{202EE3C7-51AD-4148-8F2D-69C363BED80A}.Debug|iPhone.Build.0 = Debug|Any CPU
		{202EE3C7-51AD-4148-8F2D-69C363BED80A}.Debug|iPhoneSimulator.ActiveCfg = Debug|Any CPU
		{202EE3C7-51AD-4148-8F2D-69C363BED80A}.Debug|iPhoneSimulator.Build.0 = Debug|Any CPU
		{202EE3C7-51AD-4148-8F2D-69C363BED80A}.Debug|x64.ActiveCfg = Debug|Any CPU
		{202EE3C7-51AD-4148-8F2D-69C363BED80A}.Debug|x64.Build.0 = Debug|Any CPU
		{202EE3C7-51AD-4148-8F2D-69C363BED80A}.Debug|x86.ActiveCfg = Debug|Any CPU
		{202EE3C7-51AD-4148-8F2D-69C363BED80A}.Debug|x86.Build.0 = Debug|Any CPU
		{202EE3C7-51AD-4148-8F2D-69C363BED80A}.Release|Any CPU.ActiveCfg = Release|Any CPU
		{202EE3C7-51AD-4148-8F2D-69C363BED80A}.Release|Any CPU.Build.0 = Release|Any CPU
		{202EE3C7-51AD-4148-8F2D-69C363BED80A}.Release|ARM.ActiveCfg = Release|Any CPU
		{202EE3C7-51AD-4148-8F2D-69C363BED80A}.Release|ARM.Build.0 = Release|Any CPU
		{202EE3C7-51AD-4148-8F2D-69C363BED80A}.Release|iPhone.ActiveCfg = Release|Any CPU
		{202EE3C7-51AD-4148-8F2D-69C363BED80A}.Release|iPhone.Build.0 = Release|Any CPU
		{202EE3C7-51AD-4148-8F2D-69C363BED80A}.Release|iPhoneSimulator.ActiveCfg = Release|Any CPU
		{202EE3C7-51AD-4148-8F2D-69C363BED80A}.Release|iPhoneSimulator.Build.0 = Release|Any CPU
		{202EE3C7-51AD-4148-8F2D-69C363BED80A}.Release|x64.ActiveCfg = Release|Any CPU
		{202EE3C7-51AD-4148-8F2D-69C363BED80A}.Release|x64.Build.0 = Release|Any CPU
		{202EE3C7-51AD-4148-8F2D-69C363BED80A}.Release|x86.ActiveCfg = Release|Any CPU
		{202EE3C7-51AD-4148-8F2D-69C363BED80A}.Release|x86.Build.0 = Release|Any CPU
		{28CC2192-FBBD-4E9C-A4D7-60B01BB9320A}.Ad-Hoc|Any CPU.ActiveCfg = Release|Any CPU
		{28CC2192-FBBD-4E9C-A4D7-60B01BB9320A}.Ad-Hoc|Any CPU.Build.0 = Release|Any CPU
		{28CC2192-FBBD-4E9C-A4D7-60B01BB9320A}.Ad-Hoc|ARM.ActiveCfg = Release|Any CPU
		{28CC2192-FBBD-4E9C-A4D7-60B01BB9320A}.Ad-Hoc|ARM.Build.0 = Release|Any CPU
		{28CC2192-FBBD-4E9C-A4D7-60B01BB9320A}.Ad-Hoc|iPhone.ActiveCfg = Release|Any CPU
		{28CC2192-FBBD-4E9C-A4D7-60B01BB9320A}.Ad-Hoc|iPhone.Build.0 = Release|Any CPU
		{28CC2192-FBBD-4E9C-A4D7-60B01BB9320A}.Ad-Hoc|iPhoneSimulator.ActiveCfg = Release|Any CPU
		{28CC2192-FBBD-4E9C-A4D7-60B01BB9320A}.Ad-Hoc|iPhoneSimulator.Build.0 = Release|Any CPU
		{28CC2192-FBBD-4E9C-A4D7-60B01BB9320A}.Ad-Hoc|x64.ActiveCfg = Release|Any CPU
		{28CC2192-FBBD-4E9C-A4D7-60B01BB9320A}.Ad-Hoc|x64.Build.0 = Release|Any CPU
		{28CC2192-FBBD-4E9C-A4D7-60B01BB9320A}.Ad-Hoc|x86.ActiveCfg = Release|Any CPU
		{28CC2192-FBBD-4E9C-A4D7-60B01BB9320A}.Ad-Hoc|x86.Build.0 = Release|Any CPU
		{28CC2192-FBBD-4E9C-A4D7-60B01BB9320A}.AppStore|Any CPU.ActiveCfg = Release|Any CPU
		{28CC2192-FBBD-4E9C-A4D7-60B01BB9320A}.AppStore|Any CPU.Build.0 = Release|Any CPU
		{28CC2192-FBBD-4E9C-A4D7-60B01BB9320A}.AppStore|ARM.ActiveCfg = Release|Any CPU
		{28CC2192-FBBD-4E9C-A4D7-60B01BB9320A}.AppStore|ARM.Build.0 = Release|Any CPU
		{28CC2192-FBBD-4E9C-A4D7-60B01BB9320A}.AppStore|iPhone.ActiveCfg = Release|Any CPU
		{28CC2192-FBBD-4E9C-A4D7-60B01BB9320A}.AppStore|iPhone.Build.0 = Release|Any CPU
		{28CC2192-FBBD-4E9C-A4D7-60B01BB9320A}.AppStore|iPhoneSimulator.ActiveCfg = Release|Any CPU
		{28CC2192-FBBD-4E9C-A4D7-60B01BB9320A}.AppStore|iPhoneSimulator.Build.0 = Release|Any CPU
		{28CC2192-FBBD-4E9C-A4D7-60B01BB9320A}.AppStore|x64.ActiveCfg = Release|Any CPU
		{28CC2192-FBBD-4E9C-A4D7-60B01BB9320A}.AppStore|x64.Build.0 = Release|Any CPU
		{28CC2192-FBBD-4E9C-A4D7-60B01BB9320A}.AppStore|x86.ActiveCfg = Release|Any CPU
		{28CC2192-FBBD-4E9C-A4D7-60B01BB9320A}.AppStore|x86.Build.0 = Release|Any CPU
		{28CC2192-FBBD-4E9C-A4D7-60B01BB9320A}.Debug|Any CPU.ActiveCfg = Debug|Any CPU
		{28CC2192-FBBD-4E9C-A4D7-60B01BB9320A}.Debug|Any CPU.Build.0 = Debug|Any CPU
		{28CC2192-FBBD-4E9C-A4D7-60B01BB9320A}.Debug|ARM.ActiveCfg = Debug|Any CPU
		{28CC2192-FBBD-4E9C-A4D7-60B01BB9320A}.Debug|ARM.Build.0 = Debug|Any CPU
		{28CC2192-FBBD-4E9C-A4D7-60B01BB9320A}.Debug|iPhone.ActiveCfg = Debug|Any CPU
		{28CC2192-FBBD-4E9C-A4D7-60B01BB9320A}.Debug|iPhone.Build.0 = Debug|Any CPU
		{28CC2192-FBBD-4E9C-A4D7-60B01BB9320A}.Debug|iPhoneSimulator.ActiveCfg = Debug|Any CPU
		{28CC2192-FBBD-4E9C-A4D7-60B01BB9320A}.Debug|iPhoneSimulator.Build.0 = Debug|Any CPU
		{28CC2192-FBBD-4E9C-A4D7-60B01BB9320A}.Debug|x64.ActiveCfg = Debug|Any CPU
		{28CC2192-FBBD-4E9C-A4D7-60B01BB9320A}.Debug|x64.Build.0 = Debug|Any CPU
		{28CC2192-FBBD-4E9C-A4D7-60B01BB9320A}.Debug|x86.ActiveCfg = Debug|Any CPU
		{28CC2192-FBBD-4E9C-A4D7-60B01BB9320A}.Debug|x86.Build.0 = Debug|Any CPU
		{28CC2192-FBBD-4E9C-A4D7-60B01BB9320A}.Release|Any CPU.ActiveCfg = Release|Any CPU
		{28CC2192-FBBD-4E9C-A4D7-60B01BB9320A}.Release|Any CPU.Build.0 = Release|Any CPU
		{28CC2192-FBBD-4E9C-A4D7-60B01BB9320A}.Release|ARM.ActiveCfg = Release|Any CPU
		{28CC2192-FBBD-4E9C-A4D7-60B01BB9320A}.Release|ARM.Build.0 = Release|Any CPU
		{28CC2192-FBBD-4E9C-A4D7-60B01BB9320A}.Release|iPhone.ActiveCfg = Release|Any CPU
		{28CC2192-FBBD-4E9C-A4D7-60B01BB9320A}.Release|iPhone.Build.0 = Release|Any CPU
		{28CC2192-FBBD-4E9C-A4D7-60B01BB9320A}.Release|iPhoneSimulator.ActiveCfg = Release|Any CPU
		{28CC2192-FBBD-4E9C-A4D7-60B01BB9320A}.Release|iPhoneSimulator.Build.0 = Release|Any CPU
		{28CC2192-FBBD-4E9C-A4D7-60B01BB9320A}.Release|x64.ActiveCfg = Release|Any CPU
		{28CC2192-FBBD-4E9C-A4D7-60B01BB9320A}.Release|x64.Build.0 = Release|Any CPU
		{28CC2192-FBBD-4E9C-A4D7-60B01BB9320A}.Release|x86.ActiveCfg = Release|Any CPU
		{28CC2192-FBBD-4E9C-A4D7-60B01BB9320A}.Release|x86.Build.0 = Release|Any CPU
		{17FD2F00-FA58-4E00-8BCD-E4BB920F0C7E}.Ad-Hoc|Any CPU.ActiveCfg = Release|Any CPU
		{17FD2F00-FA58-4E00-8BCD-E4BB920F0C7E}.Ad-Hoc|Any CPU.Build.0 = Release|Any CPU
		{17FD2F00-FA58-4E00-8BCD-E4BB920F0C7E}.Ad-Hoc|ARM.ActiveCfg = Release|Any CPU
		{17FD2F00-FA58-4E00-8BCD-E4BB920F0C7E}.Ad-Hoc|ARM.Build.0 = Release|Any CPU
		{17FD2F00-FA58-4E00-8BCD-E4BB920F0C7E}.Ad-Hoc|iPhone.ActiveCfg = Release|Any CPU
		{17FD2F00-FA58-4E00-8BCD-E4BB920F0C7E}.Ad-Hoc|iPhone.Build.0 = Release|Any CPU
		{17FD2F00-FA58-4E00-8BCD-E4BB920F0C7E}.Ad-Hoc|iPhoneSimulator.ActiveCfg = Release|Any CPU
		{17FD2F00-FA58-4E00-8BCD-E4BB920F0C7E}.Ad-Hoc|iPhoneSimulator.Build.0 = Release|Any CPU
		{17FD2F00-FA58-4E00-8BCD-E4BB920F0C7E}.Ad-Hoc|x64.ActiveCfg = Release|Any CPU
		{17FD2F00-FA58-4E00-8BCD-E4BB920F0C7E}.Ad-Hoc|x64.Build.0 = Release|Any CPU
		{17FD2F00-FA58-4E00-8BCD-E4BB920F0C7E}.Ad-Hoc|x86.ActiveCfg = Release|Any CPU
		{17FD2F00-FA58-4E00-8BCD-E4BB920F0C7E}.Ad-Hoc|x86.Build.0 = Release|Any CPU
		{17FD2F00-FA58-4E00-8BCD-E4BB920F0C7E}.AppStore|Any CPU.ActiveCfg = Release|Any CPU
		{17FD2F00-FA58-4E00-8BCD-E4BB920F0C7E}.AppStore|Any CPU.Build.0 = Release|Any CPU
		{17FD2F00-FA58-4E00-8BCD-E4BB920F0C7E}.AppStore|ARM.ActiveCfg = Release|Any CPU
		{17FD2F00-FA58-4E00-8BCD-E4BB920F0C7E}.AppStore|ARM.Build.0 = Release|Any CPU
		{17FD2F00-FA58-4E00-8BCD-E4BB920F0C7E}.AppStore|iPhone.ActiveCfg = Release|Any CPU
		{17FD2F00-FA58-4E00-8BCD-E4BB920F0C7E}.AppStore|iPhone.Build.0 = Release|Any CPU
		{17FD2F00-FA58-4E00-8BCD-E4BB920F0C7E}.AppStore|iPhoneSimulator.ActiveCfg = Release|Any CPU
		{17FD2F00-FA58-4E00-8BCD-E4BB920F0C7E}.AppStore|iPhoneSimulator.Build.0 = Release|Any CPU
		{17FD2F00-FA58-4E00-8BCD-E4BB920F0C7E}.AppStore|x64.ActiveCfg = Release|Any CPU
		{17FD2F00-FA58-4E00-8BCD-E4BB920F0C7E}.AppStore|x64.Build.0 = Release|Any CPU
		{17FD2F00-FA58-4E00-8BCD-E4BB920F0C7E}.AppStore|x86.ActiveCfg = Release|Any CPU
		{17FD2F00-FA58-4E00-8BCD-E4BB920F0C7E}.AppStore|x86.Build.0 = Release|Any CPU
		{17FD2F00-FA58-4E00-8BCD-E4BB920F0C7E}.Debug|Any CPU.ActiveCfg = Debug|Any CPU
		{17FD2F00-FA58-4E00-8BCD-E4BB920F0C7E}.Debug|Any CPU.Build.0 = Debug|Any CPU
		{17FD2F00-FA58-4E00-8BCD-E4BB920F0C7E}.Debug|ARM.ActiveCfg = Debug|Any CPU
		{17FD2F00-FA58-4E00-8BCD-E4BB920F0C7E}.Debug|ARM.Build.0 = Debug|Any CPU
		{17FD2F00-FA58-4E00-8BCD-E4BB920F0C7E}.Debug|iPhone.ActiveCfg = Debug|Any CPU
		{17FD2F00-FA58-4E00-8BCD-E4BB920F0C7E}.Debug|iPhone.Build.0 = Debug|Any CPU
		{17FD2F00-FA58-4E00-8BCD-E4BB920F0C7E}.Debug|iPhoneSimulator.ActiveCfg = Debug|Any CPU
		{17FD2F00-FA58-4E00-8BCD-E4BB920F0C7E}.Debug|iPhoneSimulator.Build.0 = Debug|Any CPU
		{17FD2F00-FA58-4E00-8BCD-E4BB920F0C7E}.Debug|x64.ActiveCfg = Debug|Any CPU
		{17FD2F00-FA58-4E00-8BCD-E4BB920F0C7E}.Debug|x64.Build.0 = Debug|Any CPU
		{17FD2F00-FA58-4E00-8BCD-E4BB920F0C7E}.Debug|x86.ActiveCfg = Debug|Any CPU
		{17FD2F00-FA58-4E00-8BCD-E4BB920F0C7E}.Debug|x86.Build.0 = Debug|Any CPU
		{17FD2F00-FA58-4E00-8BCD-E4BB920F0C7E}.Release|Any CPU.ActiveCfg = Release|Any CPU
		{17FD2F00-FA58-4E00-8BCD-E4BB920F0C7E}.Release|Any CPU.Build.0 = Release|Any CPU
		{17FD2F00-FA58-4E00-8BCD-E4BB920F0C7E}.Release|ARM.ActiveCfg = Release|Any CPU
		{17FD2F00-FA58-4E00-8BCD-E4BB920F0C7E}.Release|ARM.Build.0 = Release|Any CPU
		{17FD2F00-FA58-4E00-8BCD-E4BB920F0C7E}.Release|iPhone.ActiveCfg = Release|Any CPU
		{17FD2F00-FA58-4E00-8BCD-E4BB920F0C7E}.Release|iPhone.Build.0 = Release|Any CPU
		{17FD2F00-FA58-4E00-8BCD-E4BB920F0C7E}.Release|iPhoneSimulator.ActiveCfg = Release|Any CPU
		{17FD2F00-FA58-4E00-8BCD-E4BB920F0C7E}.Release|iPhoneSimulator.Build.0 = Release|Any CPU
		{17FD2F00-FA58-4E00-8BCD-E4BB920F0C7E}.Release|x64.ActiveCfg = Release|Any CPU
		{17FD2F00-FA58-4E00-8BCD-E4BB920F0C7E}.Release|x64.Build.0 = Release|Any CPU
		{17FD2F00-FA58-4E00-8BCD-E4BB920F0C7E}.Release|x86.ActiveCfg = Release|Any CPU
		{17FD2F00-FA58-4E00-8BCD-E4BB920F0C7E}.Release|x86.Build.0 = Release|Any CPU
		{79AA9981-F388-4EEB-9A4E-0ECA4DD058A2}.Ad-Hoc|Any CPU.ActiveCfg = Release|Any CPU
		{79AA9981-F388-4EEB-9A4E-0ECA4DD058A2}.Ad-Hoc|Any CPU.Build.0 = Release|Any CPU
		{79AA9981-F388-4EEB-9A4E-0ECA4DD058A2}.Ad-Hoc|ARM.ActiveCfg = Release|Any CPU
		{79AA9981-F388-4EEB-9A4E-0ECA4DD058A2}.Ad-Hoc|ARM.Build.0 = Release|Any CPU
		{79AA9981-F388-4EEB-9A4E-0ECA4DD058A2}.Ad-Hoc|iPhone.ActiveCfg = Release|Any CPU
		{79AA9981-F388-4EEB-9A4E-0ECA4DD058A2}.Ad-Hoc|iPhone.Build.0 = Release|Any CPU
		{79AA9981-F388-4EEB-9A4E-0ECA4DD058A2}.Ad-Hoc|iPhoneSimulator.ActiveCfg = Release|Any CPU
		{79AA9981-F388-4EEB-9A4E-0ECA4DD058A2}.Ad-Hoc|iPhoneSimulator.Build.0 = Release|Any CPU
		{79AA9981-F388-4EEB-9A4E-0ECA4DD058A2}.Ad-Hoc|x64.ActiveCfg = Release|Any CPU
		{79AA9981-F388-4EEB-9A4E-0ECA4DD058A2}.Ad-Hoc|x64.Build.0 = Release|Any CPU
		{79AA9981-F388-4EEB-9A4E-0ECA4DD058A2}.Ad-Hoc|x86.ActiveCfg = Release|Any CPU
		{79AA9981-F388-4EEB-9A4E-0ECA4DD058A2}.Ad-Hoc|x86.Build.0 = Release|Any CPU
		{79AA9981-F388-4EEB-9A4E-0ECA4DD058A2}.AppStore|Any CPU.ActiveCfg = Release|Any CPU
		{79AA9981-F388-4EEB-9A4E-0ECA4DD058A2}.AppStore|Any CPU.Build.0 = Release|Any CPU
		{79AA9981-F388-4EEB-9A4E-0ECA4DD058A2}.AppStore|ARM.ActiveCfg = Release|Any CPU
		{79AA9981-F388-4EEB-9A4E-0ECA4DD058A2}.AppStore|ARM.Build.0 = Release|Any CPU
		{79AA9981-F388-4EEB-9A4E-0ECA4DD058A2}.AppStore|iPhone.ActiveCfg = Release|Any CPU
		{79AA9981-F388-4EEB-9A4E-0ECA4DD058A2}.AppStore|iPhone.Build.0 = Release|Any CPU
		{79AA9981-F388-4EEB-9A4E-0ECA4DD058A2}.AppStore|iPhoneSimulator.ActiveCfg = Release|Any CPU
		{79AA9981-F388-4EEB-9A4E-0ECA4DD058A2}.AppStore|iPhoneSimulator.Build.0 = Release|Any CPU
		{79AA9981-F388-4EEB-9A4E-0ECA4DD058A2}.AppStore|x64.ActiveCfg = Release|Any CPU
		{79AA9981-F388-4EEB-9A4E-0ECA4DD058A2}.AppStore|x64.Build.0 = Release|Any CPU
		{79AA9981-F388-4EEB-9A4E-0ECA4DD058A2}.AppStore|x86.ActiveCfg = Release|Any CPU
		{79AA9981-F388-4EEB-9A4E-0ECA4DD058A2}.AppStore|x86.Build.0 = Release|Any CPU
		{79AA9981-F388-4EEB-9A4E-0ECA4DD058A2}.Debug|Any CPU.ActiveCfg = Debug|Any CPU
		{79AA9981-F388-4EEB-9A4E-0ECA4DD058A2}.Debug|Any CPU.Build.0 = Debug|Any CPU
		{79AA9981-F388-4EEB-9A4E-0ECA4DD058A2}.Debug|ARM.ActiveCfg = Debug|Any CPU
		{79AA9981-F388-4EEB-9A4E-0ECA4DD058A2}.Debug|ARM.Build.0 = Debug|Any CPU
		{79AA9981-F388-4EEB-9A4E-0ECA4DD058A2}.Debug|iPhone.ActiveCfg = Debug|Any CPU
		{79AA9981-F388-4EEB-9A4E-0ECA4DD058A2}.Debug|iPhone.Build.0 = Debug|Any CPU
		{79AA9981-F388-4EEB-9A4E-0ECA4DD058A2}.Debug|iPhoneSimulator.ActiveCfg = Debug|Any CPU
		{79AA9981-F388-4EEB-9A4E-0ECA4DD058A2}.Debug|iPhoneSimulator.Build.0 = Debug|Any CPU
		{79AA9981-F388-4EEB-9A4E-0ECA4DD058A2}.Debug|x64.ActiveCfg = Debug|Any CPU
		{79AA9981-F388-4EEB-9A4E-0ECA4DD058A2}.Debug|x64.Build.0 = Debug|Any CPU
		{79AA9981-F388-4EEB-9A4E-0ECA4DD058A2}.Debug|x86.ActiveCfg = Debug|Any CPU
		{79AA9981-F388-4EEB-9A4E-0ECA4DD058A2}.Debug|x86.Build.0 = Debug|Any CPU
		{79AA9981-F388-4EEB-9A4E-0ECA4DD058A2}.Release|Any CPU.ActiveCfg = Release|Any CPU
		{79AA9981-F388-4EEB-9A4E-0ECA4DD058A2}.Release|Any CPU.Build.0 = Release|Any CPU
		{79AA9981-F388-4EEB-9A4E-0ECA4DD058A2}.Release|ARM.ActiveCfg = Release|Any CPU
		{79AA9981-F388-4EEB-9A4E-0ECA4DD058A2}.Release|ARM.Build.0 = Release|Any CPU
		{79AA9981-F388-4EEB-9A4E-0ECA4DD058A2}.Release|iPhone.ActiveCfg = Release|Any CPU
		{79AA9981-F388-4EEB-9A4E-0ECA4DD058A2}.Release|iPhone.Build.0 = Release|Any CPU
		{79AA9981-F388-4EEB-9A4E-0ECA4DD058A2}.Release|iPhoneSimulator.ActiveCfg = Release|Any CPU
		{79AA9981-F388-4EEB-9A4E-0ECA4DD058A2}.Release|iPhoneSimulator.Build.0 = Release|Any CPU
		{79AA9981-F388-4EEB-9A4E-0ECA4DD058A2}.Release|x64.ActiveCfg = Release|Any CPU
		{79AA9981-F388-4EEB-9A4E-0ECA4DD058A2}.Release|x64.Build.0 = Release|Any CPU
		{79AA9981-F388-4EEB-9A4E-0ECA4DD058A2}.Release|x86.ActiveCfg = Release|Any CPU
		{79AA9981-F388-4EEB-9A4E-0ECA4DD058A2}.Release|x86.Build.0 = Release|Any CPU
		{99C61044-84BD-4F9D-AFD1-530242C9A767}.Ad-Hoc|Any CPU.ActiveCfg = Release|x64
		{99C61044-84BD-4F9D-AFD1-530242C9A767}.Ad-Hoc|Any CPU.Build.0 = Release|x64
		{99C61044-84BD-4F9D-AFD1-530242C9A767}.Ad-Hoc|Any CPU.Deploy.0 = Release|x64
		{99C61044-84BD-4F9D-AFD1-530242C9A767}.Ad-Hoc|ARM.ActiveCfg = Release|ARM
		{99C61044-84BD-4F9D-AFD1-530242C9A767}.Ad-Hoc|ARM.Build.0 = Release|ARM
		{99C61044-84BD-4F9D-AFD1-530242C9A767}.Ad-Hoc|ARM.Deploy.0 = Release|ARM
		{99C61044-84BD-4F9D-AFD1-530242C9A767}.Ad-Hoc|iPhone.ActiveCfg = Release|x64
		{99C61044-84BD-4F9D-AFD1-530242C9A767}.Ad-Hoc|iPhone.Build.0 = Release|x64
		{99C61044-84BD-4F9D-AFD1-530242C9A767}.Ad-Hoc|iPhone.Deploy.0 = Release|x64
		{99C61044-84BD-4F9D-AFD1-530242C9A767}.Ad-Hoc|iPhoneSimulator.ActiveCfg = Release|x64
		{99C61044-84BD-4F9D-AFD1-530242C9A767}.Ad-Hoc|iPhoneSimulator.Build.0 = Release|x64
		{99C61044-84BD-4F9D-AFD1-530242C9A767}.Ad-Hoc|iPhoneSimulator.Deploy.0 = Release|x64
		{99C61044-84BD-4F9D-AFD1-530242C9A767}.Ad-Hoc|x64.ActiveCfg = Release|x64
		{99C61044-84BD-4F9D-AFD1-530242C9A767}.Ad-Hoc|x64.Build.0 = Release|x64
		{99C61044-84BD-4F9D-AFD1-530242C9A767}.Ad-Hoc|x64.Deploy.0 = Release|x64
		{99C61044-84BD-4F9D-AFD1-530242C9A767}.Ad-Hoc|x86.ActiveCfg = Release|x86
		{99C61044-84BD-4F9D-AFD1-530242C9A767}.Ad-Hoc|x86.Build.0 = Release|x86
		{99C61044-84BD-4F9D-AFD1-530242C9A767}.Ad-Hoc|x86.Deploy.0 = Release|x86
		{99C61044-84BD-4F9D-AFD1-530242C9A767}.AppStore|Any CPU.ActiveCfg = Release|x64
		{99C61044-84BD-4F9D-AFD1-530242C9A767}.AppStore|Any CPU.Build.0 = Release|x64
		{99C61044-84BD-4F9D-AFD1-530242C9A767}.AppStore|Any CPU.Deploy.0 = Release|x64
		{99C61044-84BD-4F9D-AFD1-530242C9A767}.AppStore|ARM.ActiveCfg = Release|ARM
		{99C61044-84BD-4F9D-AFD1-530242C9A767}.AppStore|ARM.Build.0 = Release|ARM
		{99C61044-84BD-4F9D-AFD1-530242C9A767}.AppStore|ARM.Deploy.0 = Release|ARM
		{99C61044-84BD-4F9D-AFD1-530242C9A767}.AppStore|iPhone.ActiveCfg = Release|x64
		{99C61044-84BD-4F9D-AFD1-530242C9A767}.AppStore|iPhone.Build.0 = Release|x64
		{99C61044-84BD-4F9D-AFD1-530242C9A767}.AppStore|iPhone.Deploy.0 = Release|x64
		{99C61044-84BD-4F9D-AFD1-530242C9A767}.AppStore|iPhoneSimulator.ActiveCfg = Release|x64
		{99C61044-84BD-4F9D-AFD1-530242C9A767}.AppStore|iPhoneSimulator.Build.0 = Release|x64
		{99C61044-84BD-4F9D-AFD1-530242C9A767}.AppStore|iPhoneSimulator.Deploy.0 = Release|x64
		{99C61044-84BD-4F9D-AFD1-530242C9A767}.AppStore|x64.ActiveCfg = Release|x64
		{99C61044-84BD-4F9D-AFD1-530242C9A767}.AppStore|x64.Build.0 = Release|x64
		{99C61044-84BD-4F9D-AFD1-530242C9A767}.AppStore|x64.Deploy.0 = Release|x64
		{99C61044-84BD-4F9D-AFD1-530242C9A767}.AppStore|x86.ActiveCfg = Release|x86
		{99C61044-84BD-4F9D-AFD1-530242C9A767}.AppStore|x86.Build.0 = Release|x86
		{99C61044-84BD-4F9D-AFD1-530242C9A767}.AppStore|x86.Deploy.0 = Release|x86
		{99C61044-84BD-4F9D-AFD1-530242C9A767}.Debug|Any CPU.ActiveCfg = Debug|x86
		{99C61044-84BD-4F9D-AFD1-530242C9A767}.Debug|ARM.ActiveCfg = Debug|ARM
		{99C61044-84BD-4F9D-AFD1-530242C9A767}.Debug|ARM.Build.0 = Debug|ARM
		{99C61044-84BD-4F9D-AFD1-530242C9A767}.Debug|ARM.Deploy.0 = Debug|ARM
		{99C61044-84BD-4F9D-AFD1-530242C9A767}.Debug|iPhone.ActiveCfg = Debug|x86
		{99C61044-84BD-4F9D-AFD1-530242C9A767}.Debug|iPhoneSimulator.ActiveCfg = Debug|x86
		{99C61044-84BD-4F9D-AFD1-530242C9A767}.Debug|x64.ActiveCfg = Debug|x64
		{99C61044-84BD-4F9D-AFD1-530242C9A767}.Debug|x64.Build.0 = Debug|x64
		{99C61044-84BD-4F9D-AFD1-530242C9A767}.Debug|x64.Deploy.0 = Debug|x64
		{99C61044-84BD-4F9D-AFD1-530242C9A767}.Debug|x86.ActiveCfg = Debug|x86
		{99C61044-84BD-4F9D-AFD1-530242C9A767}.Debug|x86.Build.0 = Debug|x86
		{99C61044-84BD-4F9D-AFD1-530242C9A767}.Debug|x86.Deploy.0 = Debug|x86
		{99C61044-84BD-4F9D-AFD1-530242C9A767}.Release|Any CPU.ActiveCfg = Release|x86
		{99C61044-84BD-4F9D-AFD1-530242C9A767}.Release|ARM.ActiveCfg = Release|ARM
		{99C61044-84BD-4F9D-AFD1-530242C9A767}.Release|ARM.Build.0 = Release|ARM
		{99C61044-84BD-4F9D-AFD1-530242C9A767}.Release|ARM.Deploy.0 = Release|ARM
		{99C61044-84BD-4F9D-AFD1-530242C9A767}.Release|iPhone.ActiveCfg = Release|x86
		{99C61044-84BD-4F9D-AFD1-530242C9A767}.Release|iPhoneSimulator.ActiveCfg = Release|x86
		{99C61044-84BD-4F9D-AFD1-530242C9A767}.Release|x64.ActiveCfg = Release|x64
		{99C61044-84BD-4F9D-AFD1-530242C9A767}.Release|x64.Build.0 = Release|x64
		{99C61044-84BD-4F9D-AFD1-530242C9A767}.Release|x64.Deploy.0 = Release|x64
		{99C61044-84BD-4F9D-AFD1-530242C9A767}.Release|x86.ActiveCfg = Release|x86
		{99C61044-84BD-4F9D-AFD1-530242C9A767}.Release|x86.Build.0 = Release|x86
		{99C61044-84BD-4F9D-AFD1-530242C9A767}.Release|x86.Deploy.0 = Release|x86
		{7650448E-EDB5-47D5-8107-EF3699716F4A}.Ad-Hoc|Any CPU.ActiveCfg = Release|Any CPU
		{7650448E-EDB5-47D5-8107-EF3699716F4A}.Ad-Hoc|Any CPU.Build.0 = Release|Any CPU
		{7650448E-EDB5-47D5-8107-EF3699716F4A}.Ad-Hoc|Any CPU.Deploy.0 = Release|Any CPU
		{7650448E-EDB5-47D5-8107-EF3699716F4A}.Ad-Hoc|ARM.ActiveCfg = Release|Any CPU
		{7650448E-EDB5-47D5-8107-EF3699716F4A}.Ad-Hoc|ARM.Build.0 = Release|Any CPU
		{7650448E-EDB5-47D5-8107-EF3699716F4A}.Ad-Hoc|ARM.Deploy.0 = Release|Any CPU
		{7650448E-EDB5-47D5-8107-EF3699716F4A}.Ad-Hoc|iPhone.ActiveCfg = Release|Any CPU
		{7650448E-EDB5-47D5-8107-EF3699716F4A}.Ad-Hoc|iPhone.Build.0 = Release|Any CPU
		{7650448E-EDB5-47D5-8107-EF3699716F4A}.Ad-Hoc|iPhone.Deploy.0 = Release|Any CPU
		{7650448E-EDB5-47D5-8107-EF3699716F4A}.Ad-Hoc|iPhoneSimulator.ActiveCfg = Release|Any CPU
		{7650448E-EDB5-47D5-8107-EF3699716F4A}.Ad-Hoc|iPhoneSimulator.Build.0 = Release|Any CPU
		{7650448E-EDB5-47D5-8107-EF3699716F4A}.Ad-Hoc|iPhoneSimulator.Deploy.0 = Release|Any CPU
		{7650448E-EDB5-47D5-8107-EF3699716F4A}.Ad-Hoc|x64.ActiveCfg = Release|Any CPU
		{7650448E-EDB5-47D5-8107-EF3699716F4A}.Ad-Hoc|x64.Build.0 = Release|Any CPU
		{7650448E-EDB5-47D5-8107-EF3699716F4A}.Ad-Hoc|x64.Deploy.0 = Release|Any CPU
		{7650448E-EDB5-47D5-8107-EF3699716F4A}.Ad-Hoc|x86.ActiveCfg = Release|Any CPU
		{7650448E-EDB5-47D5-8107-EF3699716F4A}.Ad-Hoc|x86.Build.0 = Release|Any CPU
		{7650448E-EDB5-47D5-8107-EF3699716F4A}.Ad-Hoc|x86.Deploy.0 = Release|Any CPU
		{7650448E-EDB5-47D5-8107-EF3699716F4A}.AppStore|Any CPU.ActiveCfg = Release|Any CPU
		{7650448E-EDB5-47D5-8107-EF3699716F4A}.AppStore|Any CPU.Build.0 = Release|Any CPU
		{7650448E-EDB5-47D5-8107-EF3699716F4A}.AppStore|Any CPU.Deploy.0 = Release|Any CPU
		{7650448E-EDB5-47D5-8107-EF3699716F4A}.AppStore|ARM.ActiveCfg = Release|Any CPU
		{7650448E-EDB5-47D5-8107-EF3699716F4A}.AppStore|ARM.Build.0 = Release|Any CPU
		{7650448E-EDB5-47D5-8107-EF3699716F4A}.AppStore|ARM.Deploy.0 = Release|Any CPU
		{7650448E-EDB5-47D5-8107-EF3699716F4A}.AppStore|iPhone.ActiveCfg = Release|Any CPU
		{7650448E-EDB5-47D5-8107-EF3699716F4A}.AppStore|iPhone.Build.0 = Release|Any CPU
		{7650448E-EDB5-47D5-8107-EF3699716F4A}.AppStore|iPhone.Deploy.0 = Release|Any CPU
		{7650448E-EDB5-47D5-8107-EF3699716F4A}.AppStore|iPhoneSimulator.ActiveCfg = Release|Any CPU
		{7650448E-EDB5-47D5-8107-EF3699716F4A}.AppStore|iPhoneSimulator.Build.0 = Release|Any CPU
		{7650448E-EDB5-47D5-8107-EF3699716F4A}.AppStore|iPhoneSimulator.Deploy.0 = Release|Any CPU
		{7650448E-EDB5-47D5-8107-EF3699716F4A}.AppStore|x64.ActiveCfg = Release|Any CPU
		{7650448E-EDB5-47D5-8107-EF3699716F4A}.AppStore|x64.Build.0 = Release|Any CPU
		{7650448E-EDB5-47D5-8107-EF3699716F4A}.AppStore|x64.Deploy.0 = Release|Any CPU
		{7650448E-EDB5-47D5-8107-EF3699716F4A}.AppStore|x86.ActiveCfg = Release|Any CPU
		{7650448E-EDB5-47D5-8107-EF3699716F4A}.AppStore|x86.Build.0 = Release|Any CPU
		{7650448E-EDB5-47D5-8107-EF3699716F4A}.AppStore|x86.Deploy.0 = Release|Any CPU
		{7650448E-EDB5-47D5-8107-EF3699716F4A}.Debug|Any CPU.ActiveCfg = Debug|Any CPU
		{7650448E-EDB5-47D5-8107-EF3699716F4A}.Debug|Any CPU.Build.0 = Debug|Any CPU
		{7650448E-EDB5-47D5-8107-EF3699716F4A}.Debug|Any CPU.Deploy.0 = Debug|Any CPU
		{7650448E-EDB5-47D5-8107-EF3699716F4A}.Debug|ARM.ActiveCfg = Debug|Any CPU
		{7650448E-EDB5-47D5-8107-EF3699716F4A}.Debug|ARM.Build.0 = Debug|Any CPU
		{7650448E-EDB5-47D5-8107-EF3699716F4A}.Debug|ARM.Deploy.0 = Debug|Any CPU
		{7650448E-EDB5-47D5-8107-EF3699716F4A}.Debug|iPhone.ActiveCfg = Debug|Any CPU
		{7650448E-EDB5-47D5-8107-EF3699716F4A}.Debug|iPhone.Build.0 = Debug|Any CPU
		{7650448E-EDB5-47D5-8107-EF3699716F4A}.Debug|iPhone.Deploy.0 = Debug|Any CPU
		{7650448E-EDB5-47D5-8107-EF3699716F4A}.Debug|iPhoneSimulator.ActiveCfg = Debug|Any CPU
		{7650448E-EDB5-47D5-8107-EF3699716F4A}.Debug|iPhoneSimulator.Build.0 = Debug|Any CPU
		{7650448E-EDB5-47D5-8107-EF3699716F4A}.Debug|iPhoneSimulator.Deploy.0 = Debug|Any CPU
		{7650448E-EDB5-47D5-8107-EF3699716F4A}.Debug|x64.ActiveCfg = Debug|Any CPU
		{7650448E-EDB5-47D5-8107-EF3699716F4A}.Debug|x64.Build.0 = Debug|Any CPU
		{7650448E-EDB5-47D5-8107-EF3699716F4A}.Debug|x64.Deploy.0 = Debug|Any CPU
		{7650448E-EDB5-47D5-8107-EF3699716F4A}.Debug|x86.ActiveCfg = Debug|Any CPU
		{7650448E-EDB5-47D5-8107-EF3699716F4A}.Debug|x86.Build.0 = Debug|Any CPU
		{7650448E-EDB5-47D5-8107-EF3699716F4A}.Debug|x86.Deploy.0 = Debug|Any CPU
		{7650448E-EDB5-47D5-8107-EF3699716F4A}.Release|Any CPU.ActiveCfg = Release|Any CPU
		{7650448E-EDB5-47D5-8107-EF3699716F4A}.Release|Any CPU.Build.0 = Release|Any CPU
		{7650448E-EDB5-47D5-8107-EF3699716F4A}.Release|Any CPU.Deploy.0 = Release|Any CPU
		{7650448E-EDB5-47D5-8107-EF3699716F4A}.Release|ARM.ActiveCfg = Release|Any CPU
		{7650448E-EDB5-47D5-8107-EF3699716F4A}.Release|ARM.Build.0 = Release|Any CPU
		{7650448E-EDB5-47D5-8107-EF3699716F4A}.Release|ARM.Deploy.0 = Release|Any CPU
		{7650448E-EDB5-47D5-8107-EF3699716F4A}.Release|iPhone.ActiveCfg = Release|Any CPU
		{7650448E-EDB5-47D5-8107-EF3699716F4A}.Release|iPhone.Build.0 = Release|Any CPU
		{7650448E-EDB5-47D5-8107-EF3699716F4A}.Release|iPhone.Deploy.0 = Release|Any CPU
		{7650448E-EDB5-47D5-8107-EF3699716F4A}.Release|iPhoneSimulator.ActiveCfg = Release|Any CPU
		{7650448E-EDB5-47D5-8107-EF3699716F4A}.Release|iPhoneSimulator.Build.0 = Release|Any CPU
		{7650448E-EDB5-47D5-8107-EF3699716F4A}.Release|iPhoneSimulator.Deploy.0 = Release|Any CPU
		{7650448E-EDB5-47D5-8107-EF3699716F4A}.Release|x64.ActiveCfg = Release|Any CPU
		{7650448E-EDB5-47D5-8107-EF3699716F4A}.Release|x64.Build.0 = Release|Any CPU
		{7650448E-EDB5-47D5-8107-EF3699716F4A}.Release|x64.Deploy.0 = Release|Any CPU
		{7650448E-EDB5-47D5-8107-EF3699716F4A}.Release|x86.ActiveCfg = Release|Any CPU
		{7650448E-EDB5-47D5-8107-EF3699716F4A}.Release|x86.Build.0 = Release|Any CPU
		{7650448E-EDB5-47D5-8107-EF3699716F4A}.Release|x86.Deploy.0 = Release|Any CPU
		{76CD9786-C06F-4E1B-B7EB-CACA2B4535FE}.Ad-Hoc|Any CPU.ActiveCfg = Release|iPhone
		{76CD9786-C06F-4E1B-B7EB-CACA2B4535FE}.Ad-Hoc|ARM.ActiveCfg = Release|iPhone
		{76CD9786-C06F-4E1B-B7EB-CACA2B4535FE}.Ad-Hoc|iPhone.ActiveCfg = Release|iPhone
		{76CD9786-C06F-4E1B-B7EB-CACA2B4535FE}.Ad-Hoc|iPhoneSimulator.ActiveCfg = Release|iPhoneSimulator
		{76CD9786-C06F-4E1B-B7EB-CACA2B4535FE}.Ad-Hoc|x64.ActiveCfg = Release|iPhone
		{76CD9786-C06F-4E1B-B7EB-CACA2B4535FE}.Ad-Hoc|x86.ActiveCfg = Release|iPhone
		{76CD9786-C06F-4E1B-B7EB-CACA2B4535FE}.AppStore|Any CPU.ActiveCfg = Release|iPhone
		{76CD9786-C06F-4E1B-B7EB-CACA2B4535FE}.AppStore|ARM.ActiveCfg = Release|iPhone
		{76CD9786-C06F-4E1B-B7EB-CACA2B4535FE}.AppStore|iPhone.ActiveCfg = Release|iPhone
		{76CD9786-C06F-4E1B-B7EB-CACA2B4535FE}.AppStore|iPhoneSimulator.ActiveCfg = Release|iPhoneSimulator
		{76CD9786-C06F-4E1B-B7EB-CACA2B4535FE}.AppStore|x64.ActiveCfg = Release|iPhone
		{76CD9786-C06F-4E1B-B7EB-CACA2B4535FE}.AppStore|x86.ActiveCfg = Release|iPhone
		{76CD9786-C06F-4E1B-B7EB-CACA2B4535FE}.Debug|Any CPU.ActiveCfg = Debug|iPhoneSimulator
		{76CD9786-C06F-4E1B-B7EB-CACA2B4535FE}.Debug|ARM.ActiveCfg = Debug|iPhoneSimulator
		{76CD9786-C06F-4E1B-B7EB-CACA2B4535FE}.Debug|iPhone.ActiveCfg = Debug|iPhone
		{76CD9786-C06F-4E1B-B7EB-CACA2B4535FE}.Debug|iPhone.Build.0 = Debug|iPhone
		{76CD9786-C06F-4E1B-B7EB-CACA2B4535FE}.Debug|iPhoneSimulator.ActiveCfg = Debug|iPhoneSimulator
		{76CD9786-C06F-4E1B-B7EB-CACA2B4535FE}.Debug|iPhoneSimulator.Build.0 = Debug|iPhoneSimulator
		{76CD9786-C06F-4E1B-B7EB-CACA2B4535FE}.Debug|x64.ActiveCfg = Debug|iPhoneSimulator
		{76CD9786-C06F-4E1B-B7EB-CACA2B4535FE}.Debug|x86.ActiveCfg = Debug|iPhoneSimulator
		{76CD9786-C06F-4E1B-B7EB-CACA2B4535FE}.Release|Any CPU.ActiveCfg = Release|iPhoneSimulator
		{76CD9786-C06F-4E1B-B7EB-CACA2B4535FE}.Release|ARM.ActiveCfg = Release|iPhoneSimulator
		{76CD9786-C06F-4E1B-B7EB-CACA2B4535FE}.Release|iPhone.ActiveCfg = Release|iPhone
		{76CD9786-C06F-4E1B-B7EB-CACA2B4535FE}.Release|iPhone.Build.0 = Release|iPhone
		{76CD9786-C06F-4E1B-B7EB-CACA2B4535FE}.Release|iPhoneSimulator.ActiveCfg = Release|iPhoneSimulator
		{76CD9786-C06F-4E1B-B7EB-CACA2B4535FE}.Release|iPhoneSimulator.Build.0 = Release|iPhoneSimulator
		{76CD9786-C06F-4E1B-B7EB-CACA2B4535FE}.Release|x64.ActiveCfg = Release|iPhoneSimulator
		{76CD9786-C06F-4E1B-B7EB-CACA2B4535FE}.Release|x86.ActiveCfg = Release|iPhoneSimulator
		{E893FA82-16F7-4B74-9412-0EA8883A7153}.Ad-Hoc|Any CPU.ActiveCfg = Release|Any CPU
		{E893FA82-16F7-4B74-9412-0EA8883A7153}.Ad-Hoc|Any CPU.Build.0 = Release|Any CPU
		{E893FA82-16F7-4B74-9412-0EA8883A7153}.Ad-Hoc|ARM.ActiveCfg = Release|Any CPU
		{E893FA82-16F7-4B74-9412-0EA8883A7153}.Ad-Hoc|ARM.Build.0 = Release|Any CPU
		{E893FA82-16F7-4B74-9412-0EA8883A7153}.Ad-Hoc|iPhone.ActiveCfg = Release|Any CPU
		{E893FA82-16F7-4B74-9412-0EA8883A7153}.Ad-Hoc|iPhone.Build.0 = Release|Any CPU
		{E893FA82-16F7-4B74-9412-0EA8883A7153}.Ad-Hoc|iPhoneSimulator.ActiveCfg = Release|Any CPU
		{E893FA82-16F7-4B74-9412-0EA8883A7153}.Ad-Hoc|iPhoneSimulator.Build.0 = Release|Any CPU
		{E893FA82-16F7-4B74-9412-0EA8883A7153}.Ad-Hoc|x64.ActiveCfg = Release|Any CPU
		{E893FA82-16F7-4B74-9412-0EA8883A7153}.Ad-Hoc|x64.Build.0 = Release|Any CPU
		{E893FA82-16F7-4B74-9412-0EA8883A7153}.Ad-Hoc|x86.ActiveCfg = Release|Any CPU
		{E893FA82-16F7-4B74-9412-0EA8883A7153}.Ad-Hoc|x86.Build.0 = Release|Any CPU
		{E893FA82-16F7-4B74-9412-0EA8883A7153}.AppStore|Any CPU.ActiveCfg = Release|Any CPU
		{E893FA82-16F7-4B74-9412-0EA8883A7153}.AppStore|Any CPU.Build.0 = Release|Any CPU
		{E893FA82-16F7-4B74-9412-0EA8883A7153}.AppStore|ARM.ActiveCfg = Release|Any CPU
		{E893FA82-16F7-4B74-9412-0EA8883A7153}.AppStore|ARM.Build.0 = Release|Any CPU
		{E893FA82-16F7-4B74-9412-0EA8883A7153}.AppStore|iPhone.ActiveCfg = Release|Any CPU
		{E893FA82-16F7-4B74-9412-0EA8883A7153}.AppStore|iPhone.Build.0 = Release|Any CPU
		{E893FA82-16F7-4B74-9412-0EA8883A7153}.AppStore|iPhoneSimulator.ActiveCfg = Release|Any CPU
		{E893FA82-16F7-4B74-9412-0EA8883A7153}.AppStore|iPhoneSimulator.Build.0 = Release|Any CPU
		{E893FA82-16F7-4B74-9412-0EA8883A7153}.AppStore|x64.ActiveCfg = Release|Any CPU
		{E893FA82-16F7-4B74-9412-0EA8883A7153}.AppStore|x64.Build.0 = Release|Any CPU
		{E893FA82-16F7-4B74-9412-0EA8883A7153}.AppStore|x86.ActiveCfg = Release|Any CPU
		{E893FA82-16F7-4B74-9412-0EA8883A7153}.AppStore|x86.Build.0 = Release|Any CPU
		{E893FA82-16F7-4B74-9412-0EA8883A7153}.Debug|Any CPU.ActiveCfg = Debug|Any CPU
		{E893FA82-16F7-4B74-9412-0EA8883A7153}.Debug|Any CPU.Build.0 = Debug|Any CPU
		{E893FA82-16F7-4B74-9412-0EA8883A7153}.Debug|ARM.ActiveCfg = Debug|Any CPU
		{E893FA82-16F7-4B74-9412-0EA8883A7153}.Debug|ARM.Build.0 = Debug|Any CPU
		{E893FA82-16F7-4B74-9412-0EA8883A7153}.Debug|iPhone.ActiveCfg = Debug|Any CPU
		{E893FA82-16F7-4B74-9412-0EA8883A7153}.Debug|iPhone.Build.0 = Debug|Any CPU
		{E893FA82-16F7-4B74-9412-0EA8883A7153}.Debug|iPhoneSimulator.ActiveCfg = Debug|Any CPU
		{E893FA82-16F7-4B74-9412-0EA8883A7153}.Debug|iPhoneSimulator.Build.0 = Debug|Any CPU
		{E893FA82-16F7-4B74-9412-0EA8883A7153}.Debug|x64.ActiveCfg = Debug|Any CPU
		{E893FA82-16F7-4B74-9412-0EA8883A7153}.Debug|x64.Build.0 = Debug|Any CPU
		{E893FA82-16F7-4B74-9412-0EA8883A7153}.Debug|x86.ActiveCfg = Debug|Any CPU
		{E893FA82-16F7-4B74-9412-0EA8883A7153}.Debug|x86.Build.0 = Debug|Any CPU
		{E893FA82-16F7-4B74-9412-0EA8883A7153}.Release|Any CPU.ActiveCfg = Release|Any CPU
		{E893FA82-16F7-4B74-9412-0EA8883A7153}.Release|Any CPU.Build.0 = Release|Any CPU
		{E893FA82-16F7-4B74-9412-0EA8883A7153}.Release|ARM.ActiveCfg = Release|Any CPU
		{E893FA82-16F7-4B74-9412-0EA8883A7153}.Release|ARM.Build.0 = Release|Any CPU
		{E893FA82-16F7-4B74-9412-0EA8883A7153}.Release|iPhone.ActiveCfg = Release|Any CPU
		{E893FA82-16F7-4B74-9412-0EA8883A7153}.Release|iPhone.Build.0 = Release|Any CPU
		{E893FA82-16F7-4B74-9412-0EA8883A7153}.Release|iPhoneSimulator.ActiveCfg = Release|Any CPU
		{E893FA82-16F7-4B74-9412-0EA8883A7153}.Release|iPhoneSimulator.Build.0 = Release|Any CPU
		{E893FA82-16F7-4B74-9412-0EA8883A7153}.Release|x64.ActiveCfg = Release|Any CPU
		{E893FA82-16F7-4B74-9412-0EA8883A7153}.Release|x64.Build.0 = Release|Any CPU
		{E893FA82-16F7-4B74-9412-0EA8883A7153}.Release|x86.ActiveCfg = Release|Any CPU
		{E893FA82-16F7-4B74-9412-0EA8883A7153}.Release|x86.Build.0 = Release|Any CPU
		{6B81B17D-419D-4482-95FA-4B0F0F7F0633}.Ad-Hoc|Any CPU.ActiveCfg = Release|Any CPU
		{6B81B17D-419D-4482-95FA-4B0F0F7F0633}.Ad-Hoc|Any CPU.Build.0 = Release|Any CPU
		{6B81B17D-419D-4482-95FA-4B0F0F7F0633}.Ad-Hoc|ARM.ActiveCfg = Release|Any CPU
		{6B81B17D-419D-4482-95FA-4B0F0F7F0633}.Ad-Hoc|ARM.Build.0 = Release|Any CPU
		{6B81B17D-419D-4482-95FA-4B0F0F7F0633}.Ad-Hoc|iPhone.ActiveCfg = Release|Any CPU
		{6B81B17D-419D-4482-95FA-4B0F0F7F0633}.Ad-Hoc|iPhone.Build.0 = Release|Any CPU
		{6B81B17D-419D-4482-95FA-4B0F0F7F0633}.Ad-Hoc|iPhoneSimulator.ActiveCfg = Release|Any CPU
		{6B81B17D-419D-4482-95FA-4B0F0F7F0633}.Ad-Hoc|iPhoneSimulator.Build.0 = Release|Any CPU
		{6B81B17D-419D-4482-95FA-4B0F0F7F0633}.Ad-Hoc|x64.ActiveCfg = Release|Any CPU
		{6B81B17D-419D-4482-95FA-4B0F0F7F0633}.Ad-Hoc|x64.Build.0 = Release|Any CPU
		{6B81B17D-419D-4482-95FA-4B0F0F7F0633}.Ad-Hoc|x86.ActiveCfg = Release|Any CPU
		{6B81B17D-419D-4482-95FA-4B0F0F7F0633}.Ad-Hoc|x86.Build.0 = Release|Any CPU
		{6B81B17D-419D-4482-95FA-4B0F0F7F0633}.AppStore|Any CPU.ActiveCfg = Release|Any CPU
		{6B81B17D-419D-4482-95FA-4B0F0F7F0633}.AppStore|Any CPU.Build.0 = Release|Any CPU
		{6B81B17D-419D-4482-95FA-4B0F0F7F0633}.AppStore|ARM.ActiveCfg = Release|Any CPU
		{6B81B17D-419D-4482-95FA-4B0F0F7F0633}.AppStore|ARM.Build.0 = Release|Any CPU
		{6B81B17D-419D-4482-95FA-4B0F0F7F0633}.AppStore|iPhone.ActiveCfg = Release|Any CPU
		{6B81B17D-419D-4482-95FA-4B0F0F7F0633}.AppStore|iPhone.Build.0 = Release|Any CPU
		{6B81B17D-419D-4482-95FA-4B0F0F7F0633}.AppStore|iPhoneSimulator.ActiveCfg = Release|Any CPU
		{6B81B17D-419D-4482-95FA-4B0F0F7F0633}.AppStore|iPhoneSimulator.Build.0 = Release|Any CPU
		{6B81B17D-419D-4482-95FA-4B0F0F7F0633}.AppStore|x64.ActiveCfg = Release|Any CPU
		{6B81B17D-419D-4482-95FA-4B0F0F7F0633}.AppStore|x64.Build.0 = Release|Any CPU
		{6B81B17D-419D-4482-95FA-4B0F0F7F0633}.AppStore|x86.ActiveCfg = Release|Any CPU
		{6B81B17D-419D-4482-95FA-4B0F0F7F0633}.AppStore|x86.Build.0 = Release|Any CPU
		{6B81B17D-419D-4482-95FA-4B0F0F7F0633}.Debug|Any CPU.ActiveCfg = Debug|Any CPU
		{6B81B17D-419D-4482-95FA-4B0F0F7F0633}.Debug|Any CPU.Build.0 = Debug|Any CPU
		{6B81B17D-419D-4482-95FA-4B0F0F7F0633}.Debug|ARM.ActiveCfg = Debug|Any CPU
		{6B81B17D-419D-4482-95FA-4B0F0F7F0633}.Debug|ARM.Build.0 = Debug|Any CPU
		{6B81B17D-419D-4482-95FA-4B0F0F7F0633}.Debug|iPhone.ActiveCfg = Debug|Any CPU
		{6B81B17D-419D-4482-95FA-4B0F0F7F0633}.Debug|iPhone.Build.0 = Debug|Any CPU
		{6B81B17D-419D-4482-95FA-4B0F0F7F0633}.Debug|iPhoneSimulator.ActiveCfg = Debug|Any CPU
		{6B81B17D-419D-4482-95FA-4B0F0F7F0633}.Debug|iPhoneSimulator.Build.0 = Debug|Any CPU
		{6B81B17D-419D-4482-95FA-4B0F0F7F0633}.Debug|x64.ActiveCfg = Debug|Any CPU
		{6B81B17D-419D-4482-95FA-4B0F0F7F0633}.Debug|x64.Build.0 = Debug|Any CPU
		{6B81B17D-419D-4482-95FA-4B0F0F7F0633}.Debug|x86.ActiveCfg = Debug|Any CPU
		{6B81B17D-419D-4482-95FA-4B0F0F7F0633}.Debug|x86.Build.0 = Debug|Any CPU
		{6B81B17D-419D-4482-95FA-4B0F0F7F0633}.Release|Any CPU.ActiveCfg = Release|Any CPU
		{6B81B17D-419D-4482-95FA-4B0F0F7F0633}.Release|Any CPU.Build.0 = Release|Any CPU
		{6B81B17D-419D-4482-95FA-4B0F0F7F0633}.Release|ARM.ActiveCfg = Release|Any CPU
		{6B81B17D-419D-4482-95FA-4B0F0F7F0633}.Release|ARM.Build.0 = Release|Any CPU
		{6B81B17D-419D-4482-95FA-4B0F0F7F0633}.Release|iPhone.ActiveCfg = Release|Any CPU
		{6B81B17D-419D-4482-95FA-4B0F0F7F0633}.Release|iPhone.Build.0 = Release|Any CPU
		{6B81B17D-419D-4482-95FA-4B0F0F7F0633}.Release|iPhoneSimulator.ActiveCfg = Release|Any CPU
		{6B81B17D-419D-4482-95FA-4B0F0F7F0633}.Release|iPhoneSimulator.Build.0 = Release|Any CPU
		{6B81B17D-419D-4482-95FA-4B0F0F7F0633}.Release|x64.ActiveCfg = Release|Any CPU
		{6B81B17D-419D-4482-95FA-4B0F0F7F0633}.Release|x64.Build.0 = Release|Any CPU
		{6B81B17D-419D-4482-95FA-4B0F0F7F0633}.Release|x86.ActiveCfg = Release|Any CPU
		{6B81B17D-419D-4482-95FA-4B0F0F7F0633}.Release|x86.Build.0 = Release|Any CPU
	EndGlobalSection
	GlobalSection(SolutionProperties) = preSolution
		HideSolutionNode = FALSE
	EndGlobalSection
	GlobalSection(NestedProjects) = preSolution
		{5C517742-7F63-4FF1-954C-E69E3FDA197C} = {3A77A618-7175-41EE-B776-76A144133E20}
		{F26C1F57-A9A8-4E3D-B0E4-F04CDBC836EA} = {7F3D9EA6-FE95-4EFB-B7ED-969494D5C9F0}
		{9DF8FA0E-76D3-4E9C-B696-365650828434} = {7F3D9EA6-FE95-4EFB-B7ED-969494D5C9F0}
		{6F3D4555-51B5-4170-ABF5-983D94AA2A19} = {7F3D9EA6-FE95-4EFB-B7ED-969494D5C9F0}
		{48F5EA92-79B7-4523-8ABC-701337E3BB68} = {7F3D9EA6-FE95-4EFB-B7ED-969494D5C9F0}
		{D4230F7B-0C6D-40E1-97FE-BE60BBEFDD45} = {7F3D9EA6-FE95-4EFB-B7ED-969494D5C9F0}
		{9BAD2C9D-D7F8-4D6D-8EBF-0531D5E06B9D} = {D4230F7B-0C6D-40E1-97FE-BE60BBEFDD45}
		{202EE3C7-51AD-4148-8F2D-69C363BED80A} = {7F3D9EA6-FE95-4EFB-B7ED-969494D5C9F0}
		{28CC2192-FBBD-4E9C-A4D7-60B01BB9320A} = {48F5EA92-79B7-4523-8ABC-701337E3BB68}
		{17FD2F00-FA58-4E00-8BCD-E4BB920F0C7E} = {3A77A618-7175-41EE-B776-76A144133E20}
		{79AA9981-F388-4EEB-9A4E-0ECA4DD058A2} = {48F5EA92-79B7-4523-8ABC-701337E3BB68}
		{99C61044-84BD-4F9D-AFD1-530242C9A767} = {F3026EA1-08C6-480F-A9CD-2B0C20FF3E6D}
		{7650448E-EDB5-47D5-8107-EF3699716F4A} = {F3026EA1-08C6-480F-A9CD-2B0C20FF3E6D}
		{76CD9786-C06F-4E1B-B7EB-CACA2B4535FE} = {F3026EA1-08C6-480F-A9CD-2B0C20FF3E6D}
		{E893FA82-16F7-4B74-9412-0EA8883A7153} = {F3026EA1-08C6-480F-A9CD-2B0C20FF3E6D}
		{019A3000-2F44-4B07-8D03-E75A8AA68BFB} = {F3026EA1-08C6-480F-A9CD-2B0C20FF3E6D}
		{6B81B17D-419D-4482-95FA-4B0F0F7F0633} = {019A3000-2F44-4B07-8D03-E75A8AA68BFB}
	EndGlobalSection
	GlobalSection(ExtensibilityGlobals) = postSolution
		SolutionGuid = {AE565373-FDBE-4EB4-911A-1EA312014ECA}
	EndGlobalSection
EndGlobal
