
Microsoft Visual Studio Solution File, Format Version 12.00
# Visual Studio Version 16
VisualStudioVersion = 16.0.29814.53
MinimumVisualStudioVersion = 10.0.40219.1
Project("{2150E333-8FDC-42A3-9474-1A3956D46DE8}") = "SeP.Client", "SeP.Client", "{7F3D9EA6-FE95-4EFB-B7ED-969494D5C9F0}"
EndProject
Project("{2150E333-8FDC-42A3-9474-1A3956D46DE8}") = "SeP.Service", "SeP.Service", "{C33E7813-8E34-4D03-9671-2BF1AF72BA26}"
EndProject
Project("{9A19103F-16F7-4668-BE54-9A1E7A4F7556}") = "SeP.Service.Svc", "SeP.Service\SeP.Service.Svc\SeP.Service.Svc.csproj", "{8302AE8C-4EA5-416D-8291-CB86DC85DE0F}"
EndProject
Project("{9A19103F-16F7-4668-BE54-9A1E7A4F7556}") = "SeP.Service.DataContext", "SeP.Service\SeP.Service.DataContext\SeP.Service.DataContext.csproj", "{1EF0EC1D-B4A4-47F3-95C7-5EAF81337AD7}"
EndProject
Project("{2150E333-8FDC-42A3-9474-1A3956D46DE8}") = "SeP.Core", "SeP.Core", "{3A77A618-7175-41EE-B776-76A144133E20}"
EndProject
Project("{9A19103F-16F7-4668-BE54-9A1E7A4F7556}") = "SeP.Core.JsonService", "SeP.Core\SeP.Core.JsonService\SeP.Core.JsonService.csproj", "{4725483F-2E7A-4E00-9828-AFBA8D77E892}"
EndProject
Project("{9A19103F-16F7-4668-BE54-9A1E7A4F7556}") = "SeP.Core.Helpers", "SeP.Core\SeP.Core.Helpers\SeP.Core.Helpers.csproj", "{5C517742-7F63-4FF1-954C-E69E3FDA197C}"
EndProject
Project("{2150E333-8FDC-42A3-9474-1A3956D46DE8}") = "Proto", "Proto", "{6A9F15D0-31BF-4CBE-8D0F-A3602D12DA9C}"
	ProjectSection(SolutionItems) = preProject
		Proto\greet.proto = Proto\greet.proto
	EndProjectSection
EndProject
Project("{9A19103F-16F7-4668-BE54-9A1E7A4F7556}") = "SeP.Client.SignUp", "SeP.Client\SeP.Client.SignUp\SeP.Client.SignUp.csproj", "{98DAE14B-C3B9-4608-ADB9-1FAF41E91A1F}"
EndProject
Project("{9A19103F-16F7-4668-BE54-9A1E7A4F7556}") = "SeP.Client.Auth", "SeP.Client\SeP.Client.Auth\SeP.Client.Auth.csproj", "{EDCA6A33-BC07-446A-BE6C-9E83DD7E21AE}"
EndProject
Project("{9A19103F-16F7-4668-BE54-9A1E7A4F7556}") = "SeP.Client.Correspondences", "SeP.Client\SeP.Client.Correspondences\SeP.Client.Correspondences.csproj", "{F26C1F57-A9A8-4E3D-B0E4-F04CDBC836EA}"
EndProject
Project("{9A19103F-16F7-4668-BE54-9A1E7A4F7556}") = "SeP.Client.Infrastructure", "SeP.Client\SeP.Client.Infrastructure\SeP.Client.Infrastructure.csproj", "{9DF8FA0E-76D3-4E9C-B696-365650828434}"
EndProject
Project("{9A19103F-16F7-4668-BE54-9A1E7A4F7556}") = "SeP.Client.Proxy", "SeP.Client\SeP.Client.Proxy\SeP.Client.Proxy.csproj", "{D4634B4F-5121-49E9-928E-153583A564AC}"
EndProject
Project("{9A19103F-16F7-4668-BE54-9A1E7A4F7556}") = "SeP.Client.Shell", "SeP.Client\SeP.Client.Shell\SeP.Client.Shell.csproj", "{6F3D4555-51B5-4170-ABF5-983D94AA2A19}"
EndProject
Project("{9A19103F-16F7-4668-BE54-9A1E7A4F7556}") = "SeP.Core.Interfaces", "SeP.Core\SeP.Core.Interfaces\SeP.Core.Interfaces.csproj", "{054AB2BB-ED35-4B2E-B80C-40313D102CCB}"
EndProject
Global
	GlobalSection(SolutionConfigurationPlatforms) = preSolution
		Debug|Any CPU = Debug|Any CPU
		Release|Any CPU = Release|Any CPU
	EndGlobalSection
	GlobalSection(ProjectConfigurationPlatforms) = postSolution
		{8302AE8C-4EA5-416D-8291-CB86DC85DE0F}.Debug|Any CPU.ActiveCfg = Debug|Any CPU
		{8302AE8C-4EA5-416D-8291-CB86DC85DE0F}.Debug|Any CPU.Build.0 = Debug|Any CPU
		{8302AE8C-4EA5-416D-8291-CB86DC85DE0F}.Release|Any CPU.ActiveCfg = Release|Any CPU
		{8302AE8C-4EA5-416D-8291-CB86DC85DE0F}.Release|Any CPU.Build.0 = Release|Any CPU
		{1EF0EC1D-B4A4-47F3-95C7-5EAF81337AD7}.Debug|Any CPU.ActiveCfg = Debug|Any CPU
		{1EF0EC1D-B4A4-47F3-95C7-5EAF81337AD7}.Debug|Any CPU.Build.0 = Debug|Any CPU
		{1EF0EC1D-B4A4-47F3-95C7-5EAF81337AD7}.Release|Any CPU.ActiveCfg = Release|Any CPU
		{1EF0EC1D-B4A4-47F3-95C7-5EAF81337AD7}.Release|Any CPU.Build.0 = Release|Any CPU
		{4725483F-2E7A-4E00-9828-AFBA8D77E892}.Debug|Any CPU.ActiveCfg = Debug|Any CPU
		{4725483F-2E7A-4E00-9828-AFBA8D77E892}.Debug|Any CPU.Build.0 = Debug|Any CPU
		{4725483F-2E7A-4E00-9828-AFBA8D77E892}.Release|Any CPU.ActiveCfg = Release|Any CPU
		{4725483F-2E7A-4E00-9828-AFBA8D77E892}.Release|Any CPU.Build.0 = Release|Any CPU
		{5C517742-7F63-4FF1-954C-E69E3FDA197C}.Debug|Any CPU.ActiveCfg = Debug|Any CPU
		{5C517742-7F63-4FF1-954C-E69E3FDA197C}.Debug|Any CPU.Build.0 = Debug|Any CPU
		{5C517742-7F63-4FF1-954C-E69E3FDA197C}.Release|Any CPU.ActiveCfg = Release|Any CPU
		{5C517742-7F63-4FF1-954C-E69E3FDA197C}.Release|Any CPU.Build.0 = Release|Any CPU
		{98DAE14B-C3B9-4608-ADB9-1FAF41E91A1F}.Debug|Any CPU.ActiveCfg = Debug|Any CPU
		{98DAE14B-C3B9-4608-ADB9-1FAF41E91A1F}.Debug|Any CPU.Build.0 = Debug|Any CPU
		{98DAE14B-C3B9-4608-ADB9-1FAF41E91A1F}.Release|Any CPU.ActiveCfg = Release|Any CPU
		{98DAE14B-C3B9-4608-ADB9-1FAF41E91A1F}.Release|Any CPU.Build.0 = Release|Any CPU
		{EDCA6A33-BC07-446A-BE6C-9E83DD7E21AE}.Debug|Any CPU.ActiveCfg = Debug|Any CPU
		{EDCA6A33-BC07-446A-BE6C-9E83DD7E21AE}.Debug|Any CPU.Build.0 = Debug|Any CPU
		{EDCA6A33-BC07-446A-BE6C-9E83DD7E21AE}.Release|Any CPU.ActiveCfg = Release|Any CPU
		{EDCA6A33-BC07-446A-BE6C-9E83DD7E21AE}.Release|Any CPU.Build.0 = Release|Any CPU
		{F26C1F57-A9A8-4E3D-B0E4-F04CDBC836EA}.Debug|Any CPU.ActiveCfg = Debug|Any CPU
		{F26C1F57-A9A8-4E3D-B0E4-F04CDBC836EA}.Debug|Any CPU.Build.0 = Debug|Any CPU
		{F26C1F57-A9A8-4E3D-B0E4-F04CDBC836EA}.Release|Any CPU.ActiveCfg = Release|Any CPU
		{F26C1F57-A9A8-4E3D-B0E4-F04CDBC836EA}.Release|Any CPU.Build.0 = Release|Any CPU
		{9DF8FA0E-76D3-4E9C-B696-365650828434}.Debug|Any CPU.ActiveCfg = Debug|Any CPU
		{9DF8FA0E-76D3-4E9C-B696-365650828434}.Debug|Any CPU.Build.0 = Debug|Any CPU
		{9DF8FA0E-76D3-4E9C-B696-365650828434}.Release|Any CPU.ActiveCfg = Release|Any CPU
		{9DF8FA0E-76D3-4E9C-B696-365650828434}.Release|Any CPU.Build.0 = Release|Any CPU
		{D4634B4F-5121-49E9-928E-153583A564AC}.Debug|Any CPU.ActiveCfg = Debug|Any CPU
		{D4634B4F-5121-49E9-928E-153583A564AC}.Debug|Any CPU.Build.0 = Debug|Any CPU
		{D4634B4F-5121-49E9-928E-153583A564AC}.Release|Any CPU.ActiveCfg = Release|Any CPU
		{D4634B4F-5121-49E9-928E-153583A564AC}.Release|Any CPU.Build.0 = Release|Any CPU
		{6F3D4555-51B5-4170-ABF5-983D94AA2A19}.Debug|Any CPU.ActiveCfg = Debug|Any CPU
		{6F3D4555-51B5-4170-ABF5-983D94AA2A19}.Debug|Any CPU.Build.0 = Debug|Any CPU
		{6F3D4555-51B5-4170-ABF5-983D94AA2A19}.Release|Any CPU.ActiveCfg = Release|Any CPU
		{6F3D4555-51B5-4170-ABF5-983D94AA2A19}.Release|Any CPU.Build.0 = Release|Any CPU
		{054AB2BB-ED35-4B2E-B80C-40313D102CCB}.Debug|Any CPU.ActiveCfg = Debug|Any CPU
		{054AB2BB-ED35-4B2E-B80C-40313D102CCB}.Debug|Any CPU.Build.0 = Debug|Any CPU
		{054AB2BB-ED35-4B2E-B80C-40313D102CCB}.Release|Any CPU.ActiveCfg = Release|Any CPU
		{054AB2BB-ED35-4B2E-B80C-40313D102CCB}.Release|Any CPU.Build.0 = Release|Any CPU
	EndGlobalSection
	GlobalSection(SolutionProperties) = preSolution
		HideSolutionNode = FALSE
	EndGlobalSection
	GlobalSection(NestedProjects) = preSolution
		{8302AE8C-4EA5-416D-8291-CB86DC85DE0F} = {C33E7813-8E34-4D03-9671-2BF1AF72BA26}
		{1EF0EC1D-B4A4-47F3-95C7-5EAF81337AD7} = {C33E7813-8E34-4D03-9671-2BF1AF72BA26}
		{4725483F-2E7A-4E00-9828-AFBA8D77E892} = {3A77A618-7175-41EE-B776-76A144133E20}
		{5C517742-7F63-4FF1-954C-E69E3FDA197C} = {3A77A618-7175-41EE-B776-76A144133E20}
		{6A9F15D0-31BF-4CBE-8D0F-A3602D12DA9C} = {3A77A618-7175-41EE-B776-76A144133E20}
		{98DAE14B-C3B9-4608-ADB9-1FAF41E91A1F} = {7F3D9EA6-FE95-4EFB-B7ED-969494D5C9F0}
		{EDCA6A33-BC07-446A-BE6C-9E83DD7E21AE} = {7F3D9EA6-FE95-4EFB-B7ED-969494D5C9F0}
		{F26C1F57-A9A8-4E3D-B0E4-F04CDBC836EA} = {7F3D9EA6-FE95-4EFB-B7ED-969494D5C9F0}
		{9DF8FA0E-76D3-4E9C-B696-365650828434} = {7F3D9EA6-FE95-4EFB-B7ED-969494D5C9F0}
		{D4634B4F-5121-49E9-928E-153583A564AC} = {7F3D9EA6-FE95-4EFB-B7ED-969494D5C9F0}
		{6F3D4555-51B5-4170-ABF5-983D94AA2A19} = {7F3D9EA6-FE95-4EFB-B7ED-969494D5C9F0}
		{054AB2BB-ED35-4B2E-B80C-40313D102CCB} = {3A77A618-7175-41EE-B776-76A144133E20}
	EndGlobalSection
	GlobalSection(ExtensibilityGlobals) = postSolution
		SolutionGuid = {AE565373-FDBE-4EB4-911A-1EA312014ECA}
	EndGlobalSection
EndGlobal
